// !$*UTF8*$!
{
	archiveVersion = 1;
	classes = {
	};
	objectVersion = 56;
	objects = {

/* Begin PBXBuildFile section */
		174ACA9329BFA3C7006222AF /* Item+Schema.swift in Sources */ = {isa = PBXBuildFile; fileRef = 174ACA8129BFA3C7006222AF /* Item+Schema.swift */; };
		174ACA9429BFA3C7006222AF /* AmplifyModels.swift in Sources */ = {isa = PBXBuildFile; fileRef = 174ACA8229BFA3C7006222AF /* AmplifyModels.swift */; };
		174ACA9529BFA3C7006222AF /* UserTransaction+Schema.swift in Sources */ = {isa = PBXBuildFile; fileRef = 174ACA8329BFA3C7006222AF /* UserTransaction+Schema.swift */; };
		174ACA9629BFA3C7006222AF /* Item.swift in Sources */ = {isa = PBXBuildFile; fileRef = 174ACA8429BFA3C7006222AF /* Item.swift */; };
		174ACA9729BFA3C7006222AF /* Posting.swift in Sources */ = {isa = PBXBuildFile; fileRef = 174ACA8529BFA3C7006222AF /* Posting.swift */; };
		174ACA9829BFA3C7006222AF /* User+Schema.swift in Sources */ = {isa = PBXBuildFile; fileRef = 174ACA8629BFA3C7006222AF /* User+Schema.swift */; };
		174ACA9929BFA3C7006222AF /* Request+Schema.swift in Sources */ = {isa = PBXBuildFile; fileRef = 174ACA8729BFA3C7006222AF /* Request+Schema.swift */; };
		174ACA9A29BFA3C7006222AF /* User.swift in Sources */ = {isa = PBXBuildFile; fileRef = 174ACA8829BFA3C7006222AF /* User.swift */; };
		174ACA9B29BFA3C7006222AF /* Posting+Schema.swift in Sources */ = {isa = PBXBuildFile; fileRef = 174ACA8929BFA3C7006222AF /* Posting+Schema.swift */; };
		174ACA9C29BFA3C7006222AF /* Category+Schema.swift in Sources */ = {isa = PBXBuildFile; fileRef = 174ACA8A29BFA3C7006222AF /* Category+Schema.swift */; };
		174ACA9D29BFA3C7006222AF /* Request.swift in Sources */ = {isa = PBXBuildFile; fileRef = 174ACA8B29BFA3C7006222AF /* Request.swift */; };
		174ACA9E29BFA3C7006222AF /* Category.swift in Sources */ = {isa = PBXBuildFile; fileRef = 174ACA8C29BFA3C7006222AF /* Category.swift */; };
		174ACA9F29BFA3C7006222AF /* Group.swift in Sources */ = {isa = PBXBuildFile; fileRef = 174ACA8D29BFA3C7006222AF /* Group.swift */; };
		174ACAA029BFA3C7006222AF /* Group+Schema.swift in Sources */ = {isa = PBXBuildFile; fileRef = 174ACA8E29BFA3C7006222AF /* Group+Schema.swift */; };
		174ACAA129BFA3C7006222AF /* Transaction.swift in Sources */ = {isa = PBXBuildFile; fileRef = 174ACA8F29BFA3C7006222AF /* Transaction.swift */; };
		174ACAA229BFA3C7006222AF /* UserTransaction.swift in Sources */ = {isa = PBXBuildFile; fileRef = 174ACA9029BFA3C7006222AF /* UserTransaction.swift */; };
		174ACAA329BFA3C7006222AF /* Transaction+Schema.swift in Sources */ = {isa = PBXBuildFile; fileRef = 174ACA9129BFA3C7006222AF /* Transaction+Schema.swift */; };
		174ACAA429BFA3C7006222AF /* TransactionStatus.swift in Sources */ = {isa = PBXBuildFile; fileRef = 174ACA9229BFA3C7006222AF /* TransactionStatus.swift */; };
		174ACAAA29BFA454006222AF /* StorageService.swift in Sources */ = {isa = PBXBuildFile; fileRef = 174ACAA629BFA454006222AF /* StorageService.swift */; };
		174ACAAB29BFA454006222AF /* DataStoreServiceEvent.swift in Sources */ = {isa = PBXBuildFile; fileRef = 174ACAA729BFA454006222AF /* DataStoreServiceEvent.swift */; };
		174ACAAC29BFA454006222AF /* DataStoreService.swift in Sources */ = {isa = PBXBuildFile; fileRef = 174ACAA829BFA454006222AF /* DataStoreService.swift */; };
		174ACAAD29BFA454006222AF /* SessionState.swift in Sources */ = {isa = PBXBuildFile; fileRef = 174ACAA929BFA454006222AF /* SessionState.swift */; };
		2CABF6864C46483D590DE684 /* amplifyconfiguration.json in Resources */ = {isa = PBXBuildFile; fileRef = 312F6D1ABCF12ADC1D99DF7C /* amplifyconfiguration.json */; };
		414C5B354AB8901CD300A4C9 /* awsconfiguration.json in Resources */ = {isa = PBXBuildFile; fileRef = 7BB604BE79DCC89DC2ABB368 /* awsconfiguration.json */; };
		4DC0F87629BE2D27009EE2B5 /* BarterMateApp.swift in Sources */ = {isa = PBXBuildFile; fileRef = 4DC0F87529BE2D27009EE2B5 /* BarterMateApp.swift */; };
		4DC0F87829BE2D27009EE2B5 /* ContentView.swift in Sources */ = {isa = PBXBuildFile; fileRef = 4DC0F87729BE2D27009EE2B5 /* ContentView.swift */; };
		4DC0F87A29BE2D2A009EE2B5 /* Assets.xcassets in Resources */ = {isa = PBXBuildFile; fileRef = 4DC0F87929BE2D2A009EE2B5 /* Assets.xcassets */; };
		4DC0F87D29BE2D2A009EE2B5 /* Preview Assets.xcassets in Resources */ = {isa = PBXBuildFile; fileRef = 4DC0F87C29BE2D2A009EE2B5 /* Preview Assets.xcassets */; };
		4DC0F88729BE2D2A009EE2B5 /* BarterMateTests.swift in Sources */ = {isa = PBXBuildFile; fileRef = 4DC0F88629BE2D2A009EE2B5 /* BarterMateTests.swift */; };
		4DC0F89129BE2D2A009EE2B5 /* BarterMateUITests.swift in Sources */ = {isa = PBXBuildFile; fileRef = 4DC0F89029BE2D2A009EE2B5 /* BarterMateUITests.swift */; };
		4DC0F89329BE2D2A009EE2B5 /* BarterMateUITestsLaunchTests.swift in Sources */ = {isa = PBXBuildFile; fileRef = 4DC0F89229BE2D2A009EE2B5 /* BarterMateUITestsLaunchTests.swift */; };
		4DC0F8A129BE2F5D009EE2B5 /* AWSAPIPlugin in Frameworks */ = {isa = PBXBuildFile; productRef = 4DC0F8A029BE2F5D009EE2B5 /* AWSAPIPlugin */; };
		4DC0F8A329BE2F5D009EE2B5 /* AWSCognitoAuthPlugin in Frameworks */ = {isa = PBXBuildFile; productRef = 4DC0F8A229BE2F5D009EE2B5 /* AWSCognitoAuthPlugin */; };
		4DC0F8A529BE2F5D009EE2B5 /* AWSDataStorePlugin in Frameworks */ = {isa = PBXBuildFile; productRef = 4DC0F8A429BE2F5D009EE2B5 /* AWSDataStorePlugin */; };
		4DC0F8A729BE2F5D009EE2B5 /* AWSLocationGeoPlugin in Frameworks */ = {isa = PBXBuildFile; productRef = 4DC0F8A629BE2F5D009EE2B5 /* AWSLocationGeoPlugin */; };
		4DC0F8A929BE2F5D009EE2B5 /* AWSPinpointAnalyticsPlugin in Frameworks */ = {isa = PBXBuildFile; productRef = 4DC0F8A829BE2F5D009EE2B5 /* AWSPinpointAnalyticsPlugin */; };
		4DC0F8AB29BE2F5D009EE2B5 /* AWSPinpointPushNotificationsPlugin in Frameworks */ = {isa = PBXBuildFile; productRef = 4DC0F8AA29BE2F5D009EE2B5 /* AWSPinpointPushNotificationsPlugin */; };
		4DC0F8AD29BE2F5D009EE2B5 /* AWSPluginsCore in Frameworks */ = {isa = PBXBuildFile; productRef = 4DC0F8AC29BE2F5D009EE2B5 /* AWSPluginsCore */; };
		4DC0F8AF29BE2F5D009EE2B5 /* AWSS3StoragePlugin in Frameworks */ = {isa = PBXBuildFile; productRef = 4DC0F8AE29BE2F5D009EE2B5 /* AWSS3StoragePlugin */; };
		4DC0F8B129BE2F5D009EE2B5 /* Amplify in Frameworks */ = {isa = PBXBuildFile; productRef = 4DC0F8B029BE2F5D009EE2B5 /* Amplify */; };
/* End PBXBuildFile section */

/* Begin PBXContainerItemProxy section */
		4DC0F88329BE2D2A009EE2B5 /* PBXContainerItemProxy */ = {
			isa = PBXContainerItemProxy;
			containerPortal = 4DC0F86A29BE2D27009EE2B5 /* Project object */;
			proxyType = 1;
			remoteGlobalIDString = 4DC0F87129BE2D27009EE2B5;
			remoteInfo = BarterMate;
		};
		4DC0F88D29BE2D2A009EE2B5 /* PBXContainerItemProxy */ = {
			isa = PBXContainerItemProxy;
			containerPortal = 4DC0F86A29BE2D27009EE2B5 /* Project object */;
			proxyType = 1;
			remoteGlobalIDString = 4DC0F87129BE2D27009EE2B5;
			remoteInfo = BarterMate;
		};
/* End PBXContainerItemProxy section */

/* Begin PBXFileReference section */
		174ACA8129BFA3C7006222AF /* Item+Schema.swift */ = {isa = PBXFileReference; fileEncoding = 4; lastKnownFileType = sourcecode.swift; path = "Item+Schema.swift"; sourceTree = "<group>"; };
		174ACA8229BFA3C7006222AF /* AmplifyModels.swift */ = {isa = PBXFileReference; fileEncoding = 4; lastKnownFileType = sourcecode.swift; path = AmplifyModels.swift; sourceTree = "<group>"; };
		174ACA8329BFA3C7006222AF /* UserTransaction+Schema.swift */ = {isa = PBXFileReference; fileEncoding = 4; lastKnownFileType = sourcecode.swift; path = "UserTransaction+Schema.swift"; sourceTree = "<group>"; };
		174ACA8429BFA3C7006222AF /* Item.swift */ = {isa = PBXFileReference; fileEncoding = 4; lastKnownFileType = sourcecode.swift; path = Item.swift; sourceTree = "<group>"; };
		174ACA8529BFA3C7006222AF /* Posting.swift */ = {isa = PBXFileReference; fileEncoding = 4; lastKnownFileType = sourcecode.swift; path = Posting.swift; sourceTree = "<group>"; };
		174ACA8629BFA3C7006222AF /* User+Schema.swift */ = {isa = PBXFileReference; fileEncoding = 4; lastKnownFileType = sourcecode.swift; path = "User+Schema.swift"; sourceTree = "<group>"; };
		174ACA8729BFA3C7006222AF /* Request+Schema.swift */ = {isa = PBXFileReference; fileEncoding = 4; lastKnownFileType = sourcecode.swift; path = "Request+Schema.swift"; sourceTree = "<group>"; };
		174ACA8829BFA3C7006222AF /* User.swift */ = {isa = PBXFileReference; fileEncoding = 4; lastKnownFileType = sourcecode.swift; path = User.swift; sourceTree = "<group>"; };
		174ACA8929BFA3C7006222AF /* Posting+Schema.swift */ = {isa = PBXFileReference; fileEncoding = 4; lastKnownFileType = sourcecode.swift; path = "Posting+Schema.swift"; sourceTree = "<group>"; };
		174ACA8A29BFA3C7006222AF /* Category+Schema.swift */ = {isa = PBXFileReference; fileEncoding = 4; lastKnownFileType = sourcecode.swift; path = "Category+Schema.swift"; sourceTree = "<group>"; };
		174ACA8B29BFA3C7006222AF /* Request.swift */ = {isa = PBXFileReference; fileEncoding = 4; lastKnownFileType = sourcecode.swift; path = Request.swift; sourceTree = "<group>"; };
		174ACA8C29BFA3C7006222AF /* Category.swift */ = {isa = PBXFileReference; fileEncoding = 4; lastKnownFileType = sourcecode.swift; path = Category.swift; sourceTree = "<group>"; };
		174ACA8D29BFA3C7006222AF /* Group.swift */ = {isa = PBXFileReference; fileEncoding = 4; lastKnownFileType = sourcecode.swift; path = Group.swift; sourceTree = "<group>"; };
		174ACA8E29BFA3C7006222AF /* Group+Schema.swift */ = {isa = PBXFileReference; fileEncoding = 4; lastKnownFileType = sourcecode.swift; path = "Group+Schema.swift"; sourceTree = "<group>"; };
		174ACA8F29BFA3C7006222AF /* Transaction.swift */ = {isa = PBXFileReference; fileEncoding = 4; lastKnownFileType = sourcecode.swift; path = Transaction.swift; sourceTree = "<group>"; };
		174ACA9029BFA3C7006222AF /* UserTransaction.swift */ = {isa = PBXFileReference; fileEncoding = 4; lastKnownFileType = sourcecode.swift; path = UserTransaction.swift; sourceTree = "<group>"; };
		174ACA9129BFA3C7006222AF /* Transaction+Schema.swift */ = {isa = PBXFileReference; fileEncoding = 4; lastKnownFileType = sourcecode.swift; path = "Transaction+Schema.swift"; sourceTree = "<group>"; };
		174ACA9229BFA3C7006222AF /* TransactionStatus.swift */ = {isa = PBXFileReference; fileEncoding = 4; lastKnownFileType = sourcecode.swift; path = TransactionStatus.swift; sourceTree = "<group>"; };
		174ACAA629BFA454006222AF /* StorageService.swift */ = {isa = PBXFileReference; fileEncoding = 4; lastKnownFileType = sourcecode.swift; path = StorageService.swift; sourceTree = "<group>"; };
		174ACAA729BFA454006222AF /* DataStoreServiceEvent.swift */ = {isa = PBXFileReference; fileEncoding = 4; lastKnownFileType = sourcecode.swift; path = DataStoreServiceEvent.swift; sourceTree = "<group>"; };
		174ACAA829BFA454006222AF /* DataStoreService.swift */ = {isa = PBXFileReference; fileEncoding = 4; lastKnownFileType = sourcecode.swift; path = DataStoreService.swift; sourceTree = "<group>"; };
		174ACAA929BFA454006222AF /* SessionState.swift */ = {isa = PBXFileReference; fileEncoding = 4; lastKnownFileType = sourcecode.swift; path = SessionState.swift; sourceTree = "<group>"; };
		312F6D1ABCF12ADC1D99DF7C /* amplifyconfiguration.json */ = {isa = PBXFileReference; explicitFileType = text.json; path = amplifyconfiguration.json; sourceTree = "<group>"; };
		4DC0F87229BE2D27009EE2B5 /* BarterMate.app */ = {isa = PBXFileReference; explicitFileType = wrapper.application; includeInIndex = 0; path = BarterMate.app; sourceTree = BUILT_PRODUCTS_DIR; };
		4DC0F87529BE2D27009EE2B5 /* BarterMateApp.swift */ = {isa = PBXFileReference; lastKnownFileType = sourcecode.swift; path = BarterMateApp.swift; sourceTree = "<group>"; };
		4DC0F87729BE2D27009EE2B5 /* ContentView.swift */ = {isa = PBXFileReference; lastKnownFileType = sourcecode.swift; path = ContentView.swift; sourceTree = "<group>"; };
		4DC0F87929BE2D2A009EE2B5 /* Assets.xcassets */ = {isa = PBXFileReference; lastKnownFileType = folder.assetcatalog; path = Assets.xcassets; sourceTree = "<group>"; };
		4DC0F87C29BE2D2A009EE2B5 /* Preview Assets.xcassets */ = {isa = PBXFileReference; lastKnownFileType = folder.assetcatalog; path = "Preview Assets.xcassets"; sourceTree = "<group>"; };
		4DC0F88229BE2D2A009EE2B5 /* BarterMateTests.xctest */ = {isa = PBXFileReference; explicitFileType = wrapper.cfbundle; includeInIndex = 0; path = BarterMateTests.xctest; sourceTree = BUILT_PRODUCTS_DIR; };
		4DC0F88629BE2D2A009EE2B5 /* BarterMateTests.swift */ = {isa = PBXFileReference; lastKnownFileType = sourcecode.swift; path = BarterMateTests.swift; sourceTree = "<group>"; };
		4DC0F88C29BE2D2A009EE2B5 /* BarterMateUITests.xctest */ = {isa = PBXFileReference; explicitFileType = wrapper.cfbundle; includeInIndex = 0; path = BarterMateUITests.xctest; sourceTree = BUILT_PRODUCTS_DIR; };
		4DC0F89029BE2D2A009EE2B5 /* BarterMateUITests.swift */ = {isa = PBXFileReference; lastKnownFileType = sourcecode.swift; path = BarterMateUITests.swift; sourceTree = "<group>"; };
		4DC0F89229BE2D2A009EE2B5 /* BarterMateUITestsLaunchTests.swift */ = {isa = PBXFileReference; lastKnownFileType = sourcecode.swift; path = BarterMateUITestsLaunchTests.swift; sourceTree = "<group>"; };
		7BB604BE79DCC89DC2ABB368 /* awsconfiguration.json */ = {isa = PBXFileReference; explicitFileType = text.json; path = awsconfiguration.json; sourceTree = "<group>"; };
/* End PBXFileReference section */

/* Begin PBXFrameworksBuildPhase section */
		4DC0F86F29BE2D27009EE2B5 /* Frameworks */ = {
			isa = PBXFrameworksBuildPhase;
			buildActionMask = 2147483647;
			files = (
				4DC0F8B129BE2F5D009EE2B5 /* Amplify in Frameworks */,
				4DC0F8A529BE2F5D009EE2B5 /* AWSDataStorePlugin in Frameworks */,
				4DC0F8AD29BE2F5D009EE2B5 /* AWSPluginsCore in Frameworks */,
				4DC0F8AB29BE2F5D009EE2B5 /* AWSPinpointPushNotificationsPlugin in Frameworks */,
				4DC0F8A129BE2F5D009EE2B5 /* AWSAPIPlugin in Frameworks */,
				4DC0F8A929BE2F5D009EE2B5 /* AWSPinpointAnalyticsPlugin in Frameworks */,
				4DC0F8A729BE2F5D009EE2B5 /* AWSLocationGeoPlugin in Frameworks */,
				4DC0F8A329BE2F5D009EE2B5 /* AWSCognitoAuthPlugin in Frameworks */,
				4DC0F8AF29BE2F5D009EE2B5 /* AWSS3StoragePlugin in Frameworks */,
			);
			runOnlyForDeploymentPostprocessing = 0;
		};
		4DC0F87F29BE2D2A009EE2B5 /* Frameworks */ = {
			isa = PBXFrameworksBuildPhase;
			buildActionMask = 2147483647;
			files = (
			);
			runOnlyForDeploymentPostprocessing = 0;
		};
		4DC0F88929BE2D2A009EE2B5 /* Frameworks */ = {
			isa = PBXFrameworksBuildPhase;
			buildActionMask = 2147483647;
			files = (
			);
			runOnlyForDeploymentPostprocessing = 0;
		};
/* End PBXFrameworksBuildPhase section */

/* Begin PBXGroup section */
		174ACA8029BFA3C7006222AF /* AmplifyModels */ = {
			isa = PBXGroup;
			children = (
				174ACA8129BFA3C7006222AF /* Item+Schema.swift */,
				174ACA8229BFA3C7006222AF /* AmplifyModels.swift */,
				174ACA8329BFA3C7006222AF /* UserTransaction+Schema.swift */,
				174ACA8429BFA3C7006222AF /* Item.swift */,
				174ACA8529BFA3C7006222AF /* Posting.swift */,
				174ACA8629BFA3C7006222AF /* User+Schema.swift */,
				174ACA8729BFA3C7006222AF /* Request+Schema.swift */,
				174ACA8829BFA3C7006222AF /* User.swift */,
				174ACA8929BFA3C7006222AF /* Posting+Schema.swift */,
				174ACA8A29BFA3C7006222AF /* Category+Schema.swift */,
				174ACA8B29BFA3C7006222AF /* Request.swift */,
				174ACA8C29BFA3C7006222AF /* Category.swift */,
				174ACA8D29BFA3C7006222AF /* Group.swift */,
				174ACA8E29BFA3C7006222AF /* Group+Schema.swift */,
				174ACA8F29BFA3C7006222AF /* Transaction.swift */,
				174ACA9029BFA3C7006222AF /* UserTransaction.swift */,
				174ACA9129BFA3C7006222AF /* Transaction+Schema.swift */,
				174ACA9229BFA3C7006222AF /* TransactionStatus.swift */,
			);
			name = AmplifyModels;
			path = amplify/generated/AmplifyModels;
			sourceTree = "<group>";
		};
		174ACAA529BFA454006222AF /* Adapter */ = {
			isa = PBXGroup;
			children = (
				174ACAA629BFA454006222AF /* StorageService.swift */,
				174ACAA729BFA454006222AF /* DataStoreServiceEvent.swift */,
				174ACAA829BFA454006222AF /* DataStoreService.swift */,
				174ACAA929BFA454006222AF /* SessionState.swift */,
			);
			path = Adapter;
			sourceTree = "<group>";
		};
		4DC0F86929BE2D27009EE2B5 = {
			isa = PBXGroup;
			children = (
				174ACA8029BFA3C7006222AF /* AmplifyModels */,
				4DC0F87429BE2D27009EE2B5 /* BarterMate */,
				4DC0F88529BE2D2A009EE2B5 /* BarterMateTests */,
				4DC0F88F29BE2D2A009EE2B5 /* BarterMateUITests */,
				4DC0F87329BE2D27009EE2B5 /* Products */,
				A6A581AD5EE2E153BDDB950B /* AmplifyConfig */,
			);
			sourceTree = "<group>";
		};
		4DC0F87329BE2D27009EE2B5 /* Products */ = {
			isa = PBXGroup;
			children = (
				4DC0F87229BE2D27009EE2B5 /* BarterMate.app */,
				4DC0F88229BE2D2A009EE2B5 /* BarterMateTests.xctest */,
				4DC0F88C29BE2D2A009EE2B5 /* BarterMateUITests.xctest */,
			);
			name = Products;
			sourceTree = "<group>";
		};
		4DC0F87429BE2D27009EE2B5 /* BarterMate */ = {
			isa = PBXGroup;
			children = (
				174ACAA529BFA454006222AF /* Adapter */,
				4DC0F87529BE2D27009EE2B5 /* BarterMateApp.swift */,
				4DC0F87729BE2D27009EE2B5 /* ContentView.swift */,
				4DC0F87929BE2D2A009EE2B5 /* Assets.xcassets */,
				4DC0F87B29BE2D2A009EE2B5 /* Preview Content */,
			);
			path = BarterMate;
			sourceTree = "<group>";
		};
		4DC0F87B29BE2D2A009EE2B5 /* Preview Content */ = {
			isa = PBXGroup;
			children = (
				4DC0F87C29BE2D2A009EE2B5 /* Preview Assets.xcassets */,
			);
			path = "Preview Content";
			sourceTree = "<group>";
		};
		4DC0F88529BE2D2A009EE2B5 /* BarterMateTests */ = {
			isa = PBXGroup;
			children = (
				4DC0F88629BE2D2A009EE2B5 /* BarterMateTests.swift */,
			);
			path = BarterMateTests;
			sourceTree = "<group>";
		};
		4DC0F88F29BE2D2A009EE2B5 /* BarterMateUITests */ = {
			isa = PBXGroup;
			children = (
				4DC0F89029BE2D2A009EE2B5 /* BarterMateUITests.swift */,
				4DC0F89229BE2D2A009EE2B5 /* BarterMateUITestsLaunchTests.swift */,
			);
			path = BarterMateUITests;
			sourceTree = "<group>";
		};
		A6A581AD5EE2E153BDDB950B /* AmplifyConfig */ = {
			isa = PBXGroup;
			children = (
				7BB604BE79DCC89DC2ABB368 /* awsconfiguration.json */,
				312F6D1ABCF12ADC1D99DF7C /* amplifyconfiguration.json */,
			);
			name = AmplifyConfig;
			sourceTree = "<group>";
		};
/* End PBXGroup section */

/* Begin PBXNativeTarget section */
		4DC0F87129BE2D27009EE2B5 /* BarterMate */ = {
			isa = PBXNativeTarget;
			buildConfigurationList = 4DC0F89629BE2D2A009EE2B5 /* Build configuration list for PBXNativeTarget "BarterMate" */;
			buildPhases = (
				4DC0F86E29BE2D27009EE2B5 /* Sources */,
				4DC0F86F29BE2D27009EE2B5 /* Frameworks */,
				4DC0F87029BE2D27009EE2B5 /* Resources */,
			);
			buildRules = (
			);
			dependencies = (
			);
			name = BarterMate;
			packageProductDependencies = (
				4DC0F8A029BE2F5D009EE2B5 /* AWSAPIPlugin */,
				4DC0F8A229BE2F5D009EE2B5 /* AWSCognitoAuthPlugin */,
				4DC0F8A429BE2F5D009EE2B5 /* AWSDataStorePlugin */,
				4DC0F8A629BE2F5D009EE2B5 /* AWSLocationGeoPlugin */,
				4DC0F8A829BE2F5D009EE2B5 /* AWSPinpointAnalyticsPlugin */,
				4DC0F8AA29BE2F5D009EE2B5 /* AWSPinpointPushNotificationsPlugin */,
				4DC0F8AC29BE2F5D009EE2B5 /* AWSPluginsCore */,
				4DC0F8AE29BE2F5D009EE2B5 /* AWSS3StoragePlugin */,
				4DC0F8B029BE2F5D009EE2B5 /* Amplify */,
			);
			productName = BarterMate;
			productReference = 4DC0F87229BE2D27009EE2B5 /* BarterMate.app */;
			productType = "com.apple.product-type.application";
		};
		4DC0F88129BE2D2A009EE2B5 /* BarterMateTests */ = {
			isa = PBXNativeTarget;
			buildConfigurationList = 4DC0F89929BE2D2A009EE2B5 /* Build configuration list for PBXNativeTarget "BarterMateTests" */;
			buildPhases = (
				4DC0F87E29BE2D2A009EE2B5 /* Sources */,
				4DC0F87F29BE2D2A009EE2B5 /* Frameworks */,
				4DC0F88029BE2D2A009EE2B5 /* Resources */,
			);
			buildRules = (
			);
			dependencies = (
				4DC0F88429BE2D2A009EE2B5 /* PBXTargetDependency */,
			);
			name = BarterMateTests;
			productName = BarterMateTests;
			productReference = 4DC0F88229BE2D2A009EE2B5 /* BarterMateTests.xctest */;
			productType = "com.apple.product-type.bundle.unit-test";
		};
		4DC0F88B29BE2D2A009EE2B5 /* BarterMateUITests */ = {
			isa = PBXNativeTarget;
			buildConfigurationList = 4DC0F89C29BE2D2A009EE2B5 /* Build configuration list for PBXNativeTarget "BarterMateUITests" */;
			buildPhases = (
				4DC0F88829BE2D2A009EE2B5 /* Sources */,
				4DC0F88929BE2D2A009EE2B5 /* Frameworks */,
				4DC0F88A29BE2D2A009EE2B5 /* Resources */,
			);
			buildRules = (
			);
			dependencies = (
				4DC0F88E29BE2D2A009EE2B5 /* PBXTargetDependency */,
			);
			name = BarterMateUITests;
			productName = BarterMateUITests;
			productReference = 4DC0F88C29BE2D2A009EE2B5 /* BarterMateUITests.xctest */;
			productType = "com.apple.product-type.bundle.ui-testing";
		};
/* End PBXNativeTarget section */

/* Begin PBXProject section */
		4DC0F86A29BE2D27009EE2B5 /* Project object */ = {
			isa = PBXProject;
			attributes = {
				BuildIndependentTargetsInParallel = 1;
				LastSwiftUpdateCheck = 1410;
				LastUpgradeCheck = 1410;
				TargetAttributes = {
					4DC0F87129BE2D27009EE2B5 = {
						CreatedOnToolsVersion = 14.1;
					};
					4DC0F88129BE2D2A009EE2B5 = {
						CreatedOnToolsVersion = 14.1;
						TestTargetID = 4DC0F87129BE2D27009EE2B5;
					};
					4DC0F88B29BE2D2A009EE2B5 = {
						CreatedOnToolsVersion = 14.1;
						TestTargetID = 4DC0F87129BE2D27009EE2B5;
					};
				};
			};
			buildConfigurationList = 4DC0F86D29BE2D27009EE2B5 /* Build configuration list for PBXProject "BarterMate" */;
			compatibilityVersion = "Xcode 14.0";
			developmentRegion = en;
			hasScannedForEncodings = 0;
			knownRegions = (
				en,
				Base,
			);
			mainGroup = 4DC0F86929BE2D27009EE2B5;
			packageReferences = (
				4DC0F89F29BE2F5D009EE2B5 /* XCRemoteSwiftPackageReference "amplify-swift" */,
			);
			productRefGroup = 4DC0F87329BE2D27009EE2B5 /* Products */;
			projectDirPath = "";
			projectRoot = "";
			targets = (
				4DC0F87129BE2D27009EE2B5 /* BarterMate */,
				4DC0F88129BE2D2A009EE2B5 /* BarterMateTests */,
				4DC0F88B29BE2D2A009EE2B5 /* BarterMateUITests */,
			);
		};
/* End PBXProject section */

/* Begin PBXResourcesBuildPhase section */
		4DC0F87029BE2D27009EE2B5 /* Resources */ = {
			isa = PBXResourcesBuildPhase;
			buildActionMask = 2147483647;
			files = (
				4DC0F87D29BE2D2A009EE2B5 /* Preview Assets.xcassets in Resources */,
				4DC0F87A29BE2D2A009EE2B5 /* Assets.xcassets in Resources */,
				414C5B354AB8901CD300A4C9 /* awsconfiguration.json in Resources */,
				2CABF6864C46483D590DE684 /* amplifyconfiguration.json in Resources */,
			);
			runOnlyForDeploymentPostprocessing = 0;
		};
		4DC0F88029BE2D2A009EE2B5 /* Resources */ = {
			isa = PBXResourcesBuildPhase;
			buildActionMask = 2147483647;
			files = (
			);
			runOnlyForDeploymentPostprocessing = 0;
		};
		4DC0F88A29BE2D2A009EE2B5 /* Resources */ = {
			isa = PBXResourcesBuildPhase;
			buildActionMask = 2147483647;
			files = (
			);
			runOnlyForDeploymentPostprocessing = 0;
		};
/* End PBXResourcesBuildPhase section */

/* Begin PBXSourcesBuildPhase section */
		4DC0F86E29BE2D27009EE2B5 /* Sources */ = {
			isa = PBXSourcesBuildPhase;
			buildActionMask = 2147483647;
			files = (
				174ACA9429BFA3C7006222AF /* AmplifyModels.swift in Sources */,
				174ACA9D29BFA3C7006222AF /* Request.swift in Sources */,
				174ACA9529BFA3C7006222AF /* UserTransaction+Schema.swift in Sources */,
				174ACA9F29BFA3C7006222AF /* Group.swift in Sources */,
				174ACA9C29BFA3C7006222AF /* Category+Schema.swift in Sources */,
				174ACA9729BFA3C7006222AF /* Posting.swift in Sources */,
				174ACAA129BFA3C7006222AF /* Transaction.swift in Sources */,
				174ACAA029BFA3C7006222AF /* Group+Schema.swift in Sources */,
				174ACA9929BFA3C7006222AF /* Request+Schema.swift in Sources */,
				174ACA9B29BFA3C7006222AF /* Posting+Schema.swift in Sources */,
				174ACA9329BFA3C7006222AF /* Item+Schema.swift in Sources */,
				4DC0F87829BE2D27009EE2B5 /* ContentView.swift in Sources */,
				174ACA9629BFA3C7006222AF /* Item.swift in Sources */,
				174ACAAA29BFA454006222AF /* StorageService.swift in Sources */,
				174ACAA229BFA3C7006222AF /* UserTransaction.swift in Sources */,
				4DC0F87629BE2D27009EE2B5 /* BarterMateApp.swift in Sources */,
				174ACA9A29BFA3C7006222AF /* User.swift in Sources */,
				174ACAA429BFA3C7006222AF /* TransactionStatus.swift in Sources */,
				174ACAAD29BFA454006222AF /* SessionState.swift in Sources */,
				174ACAAB29BFA454006222AF /* DataStoreServiceEvent.swift in Sources */,
				174ACAA329BFA3C7006222AF /* Transaction+Schema.swift in Sources */,
				174ACA9829BFA3C7006222AF /* User+Schema.swift in Sources */,
				174ACAAC29BFA454006222AF /* DataStoreService.swift in Sources */,
				174ACA9E29BFA3C7006222AF /* Category.swift in Sources */,
			);
			runOnlyForDeploymentPostprocessing = 0;
		};
		4DC0F87E29BE2D2A009EE2B5 /* Sources */ = {
			isa = PBXSourcesBuildPhase;
			buildActionMask = 2147483647;
			files = (
				4DC0F88729BE2D2A009EE2B5 /* BarterMateTests.swift in Sources */,
			);
			runOnlyForDeploymentPostprocessing = 0;
		};
		4DC0F88829BE2D2A009EE2B5 /* Sources */ = {
			isa = PBXSourcesBuildPhase;
			buildActionMask = 2147483647;
			files = (
				4DC0F89129BE2D2A009EE2B5 /* BarterMateUITests.swift in Sources */,
				4DC0F89329BE2D2A009EE2B5 /* BarterMateUITestsLaunchTests.swift in Sources */,
			);
			runOnlyForDeploymentPostprocessing = 0;
		};
/* End PBXSourcesBuildPhase section */

/* Begin PBXTargetDependency section */
		4DC0F88429BE2D2A009EE2B5 /* PBXTargetDependency */ = {
			isa = PBXTargetDependency;
			target = 4DC0F87129BE2D27009EE2B5 /* BarterMate */;
			targetProxy = 4DC0F88329BE2D2A009EE2B5 /* PBXContainerItemProxy */;
		};
		4DC0F88E29BE2D2A009EE2B5 /* PBXTargetDependency */ = {
			isa = PBXTargetDependency;
			target = 4DC0F87129BE2D27009EE2B5 /* BarterMate */;
			targetProxy = 4DC0F88D29BE2D2A009EE2B5 /* PBXContainerItemProxy */;
		};
/* End PBXTargetDependency section */

/* Begin XCBuildConfiguration section */
		4DC0F89429BE2D2A009EE2B5 /* Debug */ = {
			isa = XCBuildConfiguration;
			buildSettings = {
				ALWAYS_SEARCH_USER_PATHS = NO;
				CLANG_ANALYZER_NONNULL = YES;
				CLANG_ANALYZER_NUMBER_OBJECT_CONVERSION = YES_AGGRESSIVE;
				CLANG_CXX_LANGUAGE_STANDARD = "gnu++20";
				CLANG_ENABLE_MODULES = YES;
				CLANG_ENABLE_OBJC_ARC = YES;
				CLANG_ENABLE_OBJC_WEAK = YES;
				CLANG_WARN_BLOCK_CAPTURE_AUTORELEASING = YES;
				CLANG_WARN_BOOL_CONVERSION = YES;
				CLANG_WARN_COMMA = YES;
				CLANG_WARN_CONSTANT_CONVERSION = YES;
				CLANG_WARN_DEPRECATED_OBJC_IMPLEMENTATIONS = YES;
				CLANG_WARN_DIRECT_OBJC_ISA_USAGE = YES_ERROR;
				CLANG_WARN_DOCUMENTATION_COMMENTS = YES;
				CLANG_WARN_EMPTY_BODY = YES;
				CLANG_WARN_ENUM_CONVERSION = YES;
				CLANG_WARN_INFINITE_RECURSION = YES;
				CLANG_WARN_INT_CONVERSION = YES;
				CLANG_WARN_NON_LITERAL_NULL_CONVERSION = YES;
				CLANG_WARN_OBJC_IMPLICIT_RETAIN_SELF = YES;
				CLANG_WARN_OBJC_LITERAL_CONVERSION = YES;
				CLANG_WARN_OBJC_ROOT_CLASS = YES_ERROR;
				CLANG_WARN_QUOTED_INCLUDE_IN_FRAMEWORK_HEADER = YES;
				CLANG_WARN_RANGE_LOOP_ANALYSIS = YES;
				CLANG_WARN_STRICT_PROTOTYPES = YES;
				CLANG_WARN_SUSPICIOUS_MOVE = YES;
				CLANG_WARN_UNGUARDED_AVAILABILITY = YES_AGGRESSIVE;
				CLANG_WARN_UNREACHABLE_CODE = YES;
				CLANG_WARN__DUPLICATE_METHOD_MATCH = YES;
				COPY_PHASE_STRIP = NO;
				DEBUG_INFORMATION_FORMAT = dwarf;
				ENABLE_STRICT_OBJC_MSGSEND = YES;
				ENABLE_TESTABILITY = YES;
				GCC_C_LANGUAGE_STANDARD = gnu11;
				GCC_DYNAMIC_NO_PIC = NO;
				GCC_NO_COMMON_BLOCKS = YES;
				GCC_OPTIMIZATION_LEVEL = 0;
				GCC_PREPROCESSOR_DEFINITIONS = (
					"DEBUG=1",
					"$(inherited)",
				);
				GCC_WARN_64_TO_32_BIT_CONVERSION = YES;
				GCC_WARN_ABOUT_RETURN_TYPE = YES_ERROR;
				GCC_WARN_UNDECLARED_SELECTOR = YES;
				GCC_WARN_UNINITIALIZED_AUTOS = YES_AGGRESSIVE;
				GCC_WARN_UNUSED_FUNCTION = YES;
				GCC_WARN_UNUSED_VARIABLE = YES;
				IPHONEOS_DEPLOYMENT_TARGET = 16.1;
				MTL_ENABLE_DEBUG_INFO = INCLUDE_SOURCE;
				MTL_FAST_MATH = YES;
				ONLY_ACTIVE_ARCH = YES;
				SDKROOT = iphoneos;
				SWIFT_ACTIVE_COMPILATION_CONDITIONS = DEBUG;
				SWIFT_OPTIMIZATION_LEVEL = "-Onone";
			};
			name = Debug;
		};
		4DC0F89529BE2D2A009EE2B5 /* Release */ = {
			isa = XCBuildConfiguration;
			buildSettings = {
				ALWAYS_SEARCH_USER_PATHS = NO;
				CLANG_ANALYZER_NONNULL = YES;
				CLANG_ANALYZER_NUMBER_OBJECT_CONVERSION = YES_AGGRESSIVE;
				CLANG_CXX_LANGUAGE_STANDARD = "gnu++20";
				CLANG_ENABLE_MODULES = YES;
				CLANG_ENABLE_OBJC_ARC = YES;
				CLANG_ENABLE_OBJC_WEAK = YES;
				CLANG_WARN_BLOCK_CAPTURE_AUTORELEASING = YES;
				CLANG_WARN_BOOL_CONVERSION = YES;
				CLANG_WARN_COMMA = YES;
				CLANG_WARN_CONSTANT_CONVERSION = YES;
				CLANG_WARN_DEPRECATED_OBJC_IMPLEMENTATIONS = YES;
				CLANG_WARN_DIRECT_OBJC_ISA_USAGE = YES_ERROR;
				CLANG_WARN_DOCUMENTATION_COMMENTS = YES;
				CLANG_WARN_EMPTY_BODY = YES;
				CLANG_WARN_ENUM_CONVERSION = YES;
				CLANG_WARN_INFINITE_RECURSION = YES;
				CLANG_WARN_INT_CONVERSION = YES;
				CLANG_WARN_NON_LITERAL_NULL_CONVERSION = YES;
				CLANG_WARN_OBJC_IMPLICIT_RETAIN_SELF = YES;
				CLANG_WARN_OBJC_LITERAL_CONVERSION = YES;
				CLANG_WARN_OBJC_ROOT_CLASS = YES_ERROR;
				CLANG_WARN_QUOTED_INCLUDE_IN_FRAMEWORK_HEADER = YES;
				CLANG_WARN_RANGE_LOOP_ANALYSIS = YES;
				CLANG_WARN_STRICT_PROTOTYPES = YES;
				CLANG_WARN_SUSPICIOUS_MOVE = YES;
				CLANG_WARN_UNGUARDED_AVAILABILITY = YES_AGGRESSIVE;
				CLANG_WARN_UNREACHABLE_CODE = YES;
				CLANG_WARN__DUPLICATE_METHOD_MATCH = YES;
				COPY_PHASE_STRIP = NO;
				DEBUG_INFORMATION_FORMAT = "dwarf-with-dsym";
				ENABLE_NS_ASSERTIONS = NO;
				ENABLE_STRICT_OBJC_MSGSEND = YES;
				GCC_C_LANGUAGE_STANDARD = gnu11;
				GCC_NO_COMMON_BLOCKS = YES;
				GCC_WARN_64_TO_32_BIT_CONVERSION = YES;
				GCC_WARN_ABOUT_RETURN_TYPE = YES_ERROR;
				GCC_WARN_UNDECLARED_SELECTOR = YES;
				GCC_WARN_UNINITIALIZED_AUTOS = YES_AGGRESSIVE;
				GCC_WARN_UNUSED_FUNCTION = YES;
				GCC_WARN_UNUSED_VARIABLE = YES;
				IPHONEOS_DEPLOYMENT_TARGET = 16.1;
				MTL_ENABLE_DEBUG_INFO = NO;
				MTL_FAST_MATH = YES;
				SDKROOT = iphoneos;
				SWIFT_COMPILATION_MODE = wholemodule;
				SWIFT_OPTIMIZATION_LEVEL = "-O";
				VALIDATE_PRODUCT = YES;
			};
			name = Release;
		};
		4DC0F89729BE2D2A009EE2B5 /* Debug */ = {
			isa = XCBuildConfiguration;
			buildSettings = {
				ASSETCATALOG_COMPILER_APPICON_NAME = AppIcon;
				ASSETCATALOG_COMPILER_GLOBAL_ACCENT_COLOR_NAME = AccentColor;
				CODE_SIGN_STYLE = Automatic;
				CURRENT_PROJECT_VERSION = 1;
				DEVELOPMENT_ASSET_PATHS = "\"BarterMate/Preview Content\"";
				DEVELOPMENT_TEAM = N3XTJVC339;
				ENABLE_PREVIEWS = YES;
				GENERATE_INFOPLIST_FILE = YES;
				INFOPLIST_KEY_UIApplicationSceneManifest_Generation = YES;
				INFOPLIST_KEY_UIApplicationSupportsIndirectInputEvents = YES;
				INFOPLIST_KEY_UILaunchScreen_Generation = YES;
				INFOPLIST_KEY_UISupportedInterfaceOrientations_iPad = "UIInterfaceOrientationPortrait UIInterfaceOrientationPortraitUpsideDown UIInterfaceOrientationLandscapeLeft UIInterfaceOrientationLandscapeRight";
				INFOPLIST_KEY_UISupportedInterfaceOrientations_iPhone = "UIInterfaceOrientationPortrait UIInterfaceOrientationLandscapeLeft UIInterfaceOrientationLandscapeRight";
				IPHONEOS_DEPLOYMENT_TARGET = 15.1;
				LD_RUNPATH_SEARCH_PATHS = (
					"$(inherited)",
					"@executable_path/Frameworks",
				);
				MARKETING_VERSION = 1.0;
				PRODUCT_BUNDLE_IDENTIFIER = e0550621.BarterMate;
				PRODUCT_NAME = "$(TARGET_NAME)";
				SWIFT_EMIT_LOC_STRINGS = YES;
				SWIFT_VERSION = 5.0;
				TARGETED_DEVICE_FAMILY = "1,2";
			};
			name = Debug;
		};
		4DC0F89829BE2D2A009EE2B5 /* Release */ = {
			isa = XCBuildConfiguration;
			buildSettings = {
				ASSETCATALOG_COMPILER_APPICON_NAME = AppIcon;
				ASSETCATALOG_COMPILER_GLOBAL_ACCENT_COLOR_NAME = AccentColor;
				CODE_SIGN_STYLE = Automatic;
				CURRENT_PROJECT_VERSION = 1;
				DEVELOPMENT_ASSET_PATHS = "\"BarterMate/Preview Content\"";
				DEVELOPMENT_TEAM = N3XTJVC339;
				ENABLE_PREVIEWS = YES;
				GENERATE_INFOPLIST_FILE = YES;
				INFOPLIST_KEY_UIApplicationSceneManifest_Generation = YES;
				INFOPLIST_KEY_UIApplicationSupportsIndirectInputEvents = YES;
				INFOPLIST_KEY_UILaunchScreen_Generation = YES;
				INFOPLIST_KEY_UISupportedInterfaceOrientations_iPad = "UIInterfaceOrientationPortrait UIInterfaceOrientationPortraitUpsideDown UIInterfaceOrientationLandscapeLeft UIInterfaceOrientationLandscapeRight";
				INFOPLIST_KEY_UISupportedInterfaceOrientations_iPhone = "UIInterfaceOrientationPortrait UIInterfaceOrientationLandscapeLeft UIInterfaceOrientationLandscapeRight";
				IPHONEOS_DEPLOYMENT_TARGET = 15.1;
				LD_RUNPATH_SEARCH_PATHS = (
					"$(inherited)",
					"@executable_path/Frameworks",
				);
				MARKETING_VERSION = 1.0;
				PRODUCT_BUNDLE_IDENTIFIER = e0550621.BarterMate;
				PRODUCT_NAME = "$(TARGET_NAME)";
				SWIFT_EMIT_LOC_STRINGS = YES;
				SWIFT_VERSION = 5.0;
				TARGETED_DEVICE_FAMILY = "1,2";
			};
			name = Release;
		};
		4DC0F89A29BE2D2A009EE2B5 /* Debug */ = {
			isa = XCBuildConfiguration;
			buildSettings = {
				ALWAYS_EMBED_SWIFT_STANDARD_LIBRARIES = YES;
				BUNDLE_LOADER = "$(TEST_HOST)";
				CODE_SIGN_STYLE = Automatic;
				CURRENT_PROJECT_VERSION = 1;
				DEVELOPMENT_TEAM = N3XTJVC339;
				GENERATE_INFOPLIST_FILE = YES;
				IPHONEOS_DEPLOYMENT_TARGET = 16.1;
				MARKETING_VERSION = 1.0;
				PRODUCT_BUNDLE_IDENTIFIER = e0550621.BarterMateTests;
				PRODUCT_NAME = "$(TARGET_NAME)";
				SWIFT_EMIT_LOC_STRINGS = NO;
				SWIFT_VERSION = 5.0;
				TARGETED_DEVICE_FAMILY = "1,2";
				TEST_HOST = "$(BUILT_PRODUCTS_DIR)/BarterMate.app/$(BUNDLE_EXECUTABLE_FOLDER_PATH)/BarterMate";
			};
			name = Debug;
		};
		4DC0F89B29BE2D2A009EE2B5 /* Release */ = {
			isa = XCBuildConfiguration;
			buildSettings = {
				ALWAYS_EMBED_SWIFT_STANDARD_LIBRARIES = YES;
				BUNDLE_LOADER = "$(TEST_HOST)";
				CODE_SIGN_STYLE = Automatic;
				CURRENT_PROJECT_VERSION = 1;
				DEVELOPMENT_TEAM = N3XTJVC339;
				GENERATE_INFOPLIST_FILE = YES;
				IPHONEOS_DEPLOYMENT_TARGET = 16.1;
				MARKETING_VERSION = 1.0;
				PRODUCT_BUNDLE_IDENTIFIER = e0550621.BarterMateTests;
				PRODUCT_NAME = "$(TARGET_NAME)";
				SWIFT_EMIT_LOC_STRINGS = NO;
				SWIFT_VERSION = 5.0;
				TARGETED_DEVICE_FAMILY = "1,2";
				TEST_HOST = "$(BUILT_PRODUCTS_DIR)/BarterMate.app/$(BUNDLE_EXECUTABLE_FOLDER_PATH)/BarterMate";
			};
			name = Release;
		};
		4DC0F89D29BE2D2A009EE2B5 /* Debug */ = {
			isa = XCBuildConfiguration;
			buildSettings = {
				ALWAYS_EMBED_SWIFT_STANDARD_LIBRARIES = YES;
				CODE_SIGN_STYLE = Automatic;
				CURRENT_PROJECT_VERSION = 1;
				DEVELOPMENT_TEAM = N3XTJVC339;
				GENERATE_INFOPLIST_FILE = YES;
				MARKETING_VERSION = 1.0;
				PRODUCT_BUNDLE_IDENTIFIER = e0550621.BarterMateUITests;
				PRODUCT_NAME = "$(TARGET_NAME)";
				SWIFT_EMIT_LOC_STRINGS = NO;
				SWIFT_VERSION = 5.0;
				TARGETED_DEVICE_FAMILY = "1,2";
				TEST_TARGET_NAME = BarterMate;
			};
			name = Debug;
		};
		4DC0F89E29BE2D2A009EE2B5 /* Release */ = {
			isa = XCBuildConfiguration;
			buildSettings = {
				ALWAYS_EMBED_SWIFT_STANDARD_LIBRARIES = YES;
				CODE_SIGN_STYLE = Automatic;
				CURRENT_PROJECT_VERSION = 1;
				DEVELOPMENT_TEAM = N3XTJVC339;
				GENERATE_INFOPLIST_FILE = YES;
				MARKETING_VERSION = 1.0;
				PRODUCT_BUNDLE_IDENTIFIER = e0550621.BarterMateUITests;
				PRODUCT_NAME = "$(TARGET_NAME)";
				SWIFT_EMIT_LOC_STRINGS = NO;
				SWIFT_VERSION = 5.0;
				TARGETED_DEVICE_FAMILY = "1,2";
				TEST_TARGET_NAME = BarterMate;
			};
			name = Release;
		};
/* End XCBuildConfiguration section */

/* Begin XCConfigurationList section */
		4DC0F86D29BE2D27009EE2B5 /* Build configuration list for PBXProject "BarterMate" */ = {
			isa = XCConfigurationList;
			buildConfigurations = (
				4DC0F89429BE2D2A009EE2B5 /* Debug */,
				4DC0F89529BE2D2A009EE2B5 /* Release */,
			);
			defaultConfigurationIsVisible = 0;
			defaultConfigurationName = Release;
		};
		4DC0F89629BE2D2A009EE2B5 /* Build configuration list for PBXNativeTarget "BarterMate" */ = {
			isa = XCConfigurationList;
			buildConfigurations = (
				4DC0F89729BE2D2A009EE2B5 /* Debug */,
				4DC0F89829BE2D2A009EE2B5 /* Release */,
			);
			defaultConfigurationIsVisible = 0;
			defaultConfigurationName = Release;
		};
		4DC0F89929BE2D2A009EE2B5 /* Build configuration list for PBXNativeTarget "BarterMateTests" */ = {
			isa = XCConfigurationList;
			buildConfigurations = (
				4DC0F89A29BE2D2A009EE2B5 /* Debug */,
				4DC0F89B29BE2D2A009EE2B5 /* Release */,
			);
			defaultConfigurationIsVisible = 0;
			defaultConfigurationName = Release;
		};
		4DC0F89C29BE2D2A009EE2B5 /* Build configuration list for PBXNativeTarget "BarterMateUITests" */ = {
			isa = XCConfigurationList;
			buildConfigurations = (
				4DC0F89D29BE2D2A009EE2B5 /* Debug */,
				4DC0F89E29BE2D2A009EE2B5 /* Release */,
			);
			defaultConfigurationIsVisible = 0;
			defaultConfigurationName = Release;
		};
/* End XCConfigurationList section */

/* Begin XCRemoteSwiftPackageReference section */
		4DC0F89F29BE2F5D009EE2B5 /* XCRemoteSwiftPackageReference "amplify-swift" */ = {
			isa = XCRemoteSwiftPackageReference;
			repositoryURL = "https://github.com/aws-amplify/amplify-swift";
			requirement = {
				kind = upToNextMajorVersion;
				minimumVersion = 2.0.0;
			};
		};
/* End XCRemoteSwiftPackageReference section */

/* Begin XCSwiftPackageProductDependency section */
		4DC0F8A029BE2F5D009EE2B5 /* AWSAPIPlugin */ = {
			isa = XCSwiftPackageProductDependency;
			package = 4DC0F89F29BE2F5D009EE2B5 /* XCRemoteSwiftPackageReference "amplify-swift" */;
			productName = AWSAPIPlugin;
		};
		4DC0F8A229BE2F5D009EE2B5 /* AWSCognitoAuthPlugin */ = {
			isa = XCSwiftPackageProductDependency;
			package = 4DC0F89F29BE2F5D009EE2B5 /* XCRemoteSwiftPackageReference "amplify-swift" */;
			productName = AWSCognitoAuthPlugin;
		};
		4DC0F8A429BE2F5D009EE2B5 /* AWSDataStorePlugin */ = {
			isa = XCSwiftPackageProductDependency;
			package = 4DC0F89F29BE2F5D009EE2B5 /* XCRemoteSwiftPackageReference "amplify-swift" */;
			productName = AWSDataStorePlugin;
		};
		4DC0F8A629BE2F5D009EE2B5 /* AWSLocationGeoPlugin */ = {
			isa = XCSwiftPackageProductDependency;
			package = 4DC0F89F29BE2F5D009EE2B5 /* XCRemoteSwiftPackageReference "amplify-swift" */;
			productName = AWSLocationGeoPlugin;
		};
		4DC0F8A829BE2F5D009EE2B5 /* AWSPinpointAnalyticsPlugin */ = {
			isa = XCSwiftPackageProductDependency;
			package = 4DC0F89F29BE2F5D009EE2B5 /* XCRemoteSwiftPackageReference "amplify-swift" */;
			productName = AWSPinpointAnalyticsPlugin;
		};
		4DC0F8AA29BE2F5D009EE2B5 /* AWSPinpointPushNotificationsPlugin */ = {
			isa = XCSwiftPackageProductDependency;
			package = 4DC0F89F29BE2F5D009EE2B5 /* XCRemoteSwiftPackageReference "amplify-swift" */;
			productName = AWSPinpointPushNotificationsPlugin;
		};
		4DC0F8AC29BE2F5D009EE2B5 /* AWSPluginsCore */ = {
			isa = XCSwiftPackageProductDependency;
			package = 4DC0F89F29BE2F5D009EE2B5 /* XCRemoteSwiftPackageReference "amplify-swift" */;
			productName = AWSPluginsCore;
		};
		4DC0F8AE29BE2F5D009EE2B5 /* AWSS3StoragePlugin */ = {
			isa = XCSwiftPackageProductDependency;
			package = 4DC0F89F29BE2F5D009EE2B5 /* XCRemoteSwiftPackageReference "amplify-swift" */;
			productName = AWSS3StoragePlugin;
		};
		4DC0F8B029BE2F5D009EE2B5 /* Amplify */ = {
			isa = XCSwiftPackageProductDependency;
			package = 4DC0F89F29BE2F5D009EE2B5 /* XCRemoteSwiftPackageReference "amplify-swift" */;
			productName = Amplify;
		};
/* End XCSwiftPackageProductDependency section */
	};
	rootObject = 4DC0F86A29BE2D27009EE2B5 /* Project object */;
}
