// !$*UTF8*$!
{
	archiveVersion = 1;
	classes = {
	};
	objectVersion = 56;
	objects = {

/* Begin PBXBuildFile section */
		0374E2AF17262B5D9412C0FF /* Group+Schema.swift in Sources */ = {isa = PBXBuildFile; fileRef = 86594AA17B70D1270359DCA7 /* Group+Schema.swift */; };
		088EE78C76D8B9F3FA5F597B /* AmplifyModels.swift in Sources */ = {isa = PBXBuildFile; fileRef = 8745E176A5DB60BA803E5D18 /* AmplifyModels.swift */; };
		1703C6FC29D0AFFF006466D3 /* UserFacade.swift in Sources */ = {isa = PBXBuildFile; fileRef = 1703C6FB29D0AFFF006466D3 /* UserFacade.swift */; };
		1703C6FE29D0B03C006466D3 /* AmplifyUserAdapter.swift in Sources */ = {isa = PBXBuildFile; fileRef = 1703C6FD29D0B03C006466D3 /* AmplifyUserAdapter.swift */; };
		1703C70029D0B21F006466D3 /* AmplifyItemAdapter.swift in Sources */ = {isa = PBXBuildFile; fileRef = 1703C6FF29D0B21F006466D3 /* AmplifyItemAdapter.swift */; };
		1703C70229D20042006466D3 /* AmplifyDateTimeConverter.swift in Sources */ = {isa = PBXBuildFile; fileRef = 1703C70129D20042006466D3 /* AmplifyDateTimeConverter.swift */; };
		172FC0E429C616FD00842C70 /* RequestCardView.swift in Sources */ = {isa = PBXBuildFile; fileRef = 172FC0D929C616FC00842C70 /* RequestCardView.swift */; };
		172FC0E529C616FD00842C70 /* RequestListView.swift in Sources */ = {isa = PBXBuildFile; fileRef = 172FC0DA29C616FC00842C70 /* RequestListView.swift */; };
		172FC0E629C616FD00842C70 /* ItemCardView.swift in Sources */ = {isa = PBXBuildFile; fileRef = 172FC0DC29C616FD00842C70 /* ItemCardView.swift */; };
		172FC0E729C616FD00842C70 /* ItemListView.swift in Sources */ = {isa = PBXBuildFile; fileRef = 172FC0DD29C616FD00842C70 /* ItemListView.swift */; };
		172FC0E829C616FD00842C70 /* UserProfileView.swift in Sources */ = {isa = PBXBuildFile; fileRef = 172FC0DF29C616FD00842C70 /* UserProfileView.swift */; };
		172FC0E929C616FD00842C70 /* UserProfileImageView.swift in Sources */ = {isa = PBXBuildFile; fileRef = 172FC0E029C616FD00842C70 /* UserProfileImageView.swift */; };
		172FC0EA29C616FD00842C70 /* PostingView.swift in Sources */ = {isa = PBXBuildFile; fileRef = 172FC0E229C616FD00842C70 /* PostingView.swift */; };
		172FC0EB29C616FD00842C70 /* PostingListView.swift in Sources */ = {isa = PBXBuildFile; fileRef = 172FC0E329C616FD00842C70 /* PostingListView.swift */; };
		172FC0F629C6171E00842C70 /* ItemViewModel.swift in Sources */ = {isa = PBXBuildFile; fileRef = 172FC0ED29C6171D00842C70 /* ItemViewModel.swift */; };
		172FC0F729C6171E00842C70 /* UserProfileViewModel.swift in Sources */ = {isa = PBXBuildFile; fileRef = 172FC0EF29C6171E00842C70 /* UserProfileViewModel.swift */; };
		172FC0F829C6171E00842C70 /* PostingListViewModel.swift in Sources */ = {isa = PBXBuildFile; fileRef = 172FC0F129C6171E00842C70 /* PostingListViewModel.swift */; };
		172FC0F929C6171E00842C70 /* PostingViewModel.swift in Sources */ = {isa = PBXBuildFile; fileRef = 172FC0F229C6171E00842C70 /* PostingViewModel.swift */; };
		172FC0FA29C6171E00842C70 /* RequestViewModel.swift in Sources */ = {isa = PBXBuildFile; fileRef = 172FC0F429C6171E00842C70 /* RequestViewModel.swift */; };
		172FC0FB29C6171E00842C70 /* RequestListViewModel.swift in Sources */ = {isa = PBXBuildFile; fileRef = 172FC0F529C6171E00842C70 /* RequestListViewModel.swift */; };
		172FC0FE29C6175700842C70 /* ImageProvider.swift in Sources */ = {isa = PBXBuildFile; fileRef = 172FC0FC29C6175700842C70 /* ImageProvider.swift */; };
		172FC0FF29C6175700842C70 /* AppServiceManager.swift in Sources */ = {isa = PBXBuildFile; fileRef = 172FC0FD29C6175700842C70 /* AppServiceManager.swift */; };
		1734EF1D29C6312600D2D4AA /* ItemService.swift in Sources */ = {isa = PBXBuildFile; fileRef = 1734EF1C29C6312600D2D4AA /* ItemService.swift */; };
		17375A1129CDB7C6008C31B4 /* BarterMateUser.swift in Sources */ = {isa = PBXBuildFile; fileRef = 17375A1029CDB7C6008C31B4 /* BarterMateUser.swift */; };
		17375A1429CDB85F008C31B4 /* Identifier.swift in Sources */ = {isa = PBXBuildFile; fileRef = 17375A1329CDB85F008C31B4 /* Identifier.swift */; };
		17375A1729CDBC67008C31B4 /* BarterMateItem.swift in Sources */ = {isa = PBXBuildFile; fileRef = 17375A1629CDBC67008C31B4 /* BarterMateItem.swift */; };
		17375A1929CE7889008C31B4 /* BarterMateRequest.swift in Sources */ = {isa = PBXBuildFile; fileRef = 17375A1829CE7889008C31B4 /* BarterMateRequest.swift */; };
		17375A1B29CE7B2A008C31B4 /* BarterMatePosting.swift in Sources */ = {isa = PBXBuildFile; fileRef = 17375A1A29CE7B2A008C31B4 /* BarterMatePosting.swift */; };
		174ACAAA29BFA454006222AF /* StorageService.swift in Sources */ = {isa = PBXBuildFile; fileRef = 174ACAA629BFA454006222AF /* StorageService.swift */; };
		174ACAAB29BFA454006222AF /* DataStoreServiceEvent.swift in Sources */ = {isa = PBXBuildFile; fileRef = 174ACAA729BFA454006222AF /* DataStoreServiceEvent.swift */; };
		174ACAAC29BFA454006222AF /* DataStoreService.swift in Sources */ = {isa = PBXBuildFile; fileRef = 174ACAA829BFA454006222AF /* DataStoreService.swift */; };
		174ACAAD29BFA454006222AF /* SessionState.swift in Sources */ = {isa = PBXBuildFile; fileRef = 174ACAA929BFA454006222AF /* SessionState.swift */; };
		174ACAAF29C199E4006222AF /* ServiceManager.swift in Sources */ = {isa = PBXBuildFile; fileRef = 174ACAAE29C199E4006222AF /* ServiceManager.swift */; };
		17AB3A3029C76FE600FE6DCB /* EventsPublisher.swift in Sources */ = {isa = PBXBuildFile; fileRef = 17AB3A2B29C76FE600FE6DCB /* EventsPublisher.swift */; };
		17AB3A3229C76FE600FE6DCB /* UserService.swift in Sources */ = {isa = PBXBuildFile; fileRef = 17AB3A2D29C76FE600FE6DCB /* UserService.swift */; };
		17AB3A3329C76FE600FE6DCB /* RequestService.swift in Sources */ = {isa = PBXBuildFile; fileRef = 17AB3A2E29C76FE600FE6DCB /* RequestService.swift */; };
		17AB3A3429C76FE600FE6DCB /* PostingService.swift in Sources */ = {isa = PBXBuildFile; fileRef = 17AB3A2F29C76FE600FE6DCB /* PostingService.swift */; };
		17AB3A3E29C7701A00FE6DCB /* AmplifyUserService.swift in Sources */ = {isa = PBXBuildFile; fileRef = 17AB3A3629C7701A00FE6DCB /* AmplifyUserService.swift */; };
		17AB3A3F29C7701A00FE6DCB /* AmplifyDataStoreService.swift in Sources */ = {isa = PBXBuildFile; fileRef = 17AB3A3729C7701A00FE6DCB /* AmplifyDataStoreService.swift */; };
		17AB3A4029C7701A00FE6DCB /* AmplifyItemService.swift in Sources */ = {isa = PBXBuildFile; fileRef = 17AB3A3829C7701A00FE6DCB /* AmplifyItemService.swift */; };
		17AB3A4129C7701A00FE6DCB /* AmplifyEventsPublisher.swift in Sources */ = {isa = PBXBuildFile; fileRef = 17AB3A3929C7701A00FE6DCB /* AmplifyEventsPublisher.swift */; };
		17AB3A4329C7701A00FE6DCB /* AmplifyStorageService.swift in Sources */ = {isa = PBXBuildFile; fileRef = 17AB3A3B29C7701A00FE6DCB /* AmplifyStorageService.swift */; };
		17AB3A4429C7701A00FE6DCB /* AmplifyRequestService.swift in Sources */ = {isa = PBXBuildFile; fileRef = 17AB3A3C29C7701A00FE6DCB /* AmplifyRequestService.swift */; };
		17AB3A4529C7701A00FE6DCB /* AmplifyPostingService.swift in Sources */ = {isa = PBXBuildFile; fileRef = 17AB3A3D29C7701A00FE6DCB /* AmplifyPostingService.swift */; };
		2906A91F519B174DD98F549D /* Posting+Schema.swift in Sources */ = {isa = PBXBuildFile; fileRef = 1B17F90476DAF2F25789B030 /* Posting+Schema.swift */; };
		2CABF6864C46483D590DE684 /* amplifyconfiguration.json in Resources */ = {isa = PBXBuildFile; fileRef = 312F6D1ABCF12ADC1D99DF7C /* amplifyconfiguration.json */; };
		2E788FD002A9D23A4CA23E89 /* TransactionStatus.swift in Sources */ = {isa = PBXBuildFile; fileRef = B7638E5ED5318B7DB9E6680B /* TransactionStatus.swift */; };
		3DE63DE4217676F0B159A18C /* Category.swift in Sources */ = {isa = PBXBuildFile; fileRef = CCECBB0F6B90DDC29E11EAD1 /* Category.swift */; };
		3EF6F2339C3D0BDE1ED1EFC8 /* UserChat.swift in Sources */ = {isa = PBXBuildFile; fileRef = 1C5CF9E593E82920841EA30D /* UserChat.swift */; };
		4053FCBFBD6E2DF6DBF0DF0F /* Chat.swift in Sources */ = {isa = PBXBuildFile; fileRef = CA95A3A358495DAC8787FAAF /* Chat.swift */; };
		414C5B354AB8901CD300A4C9 /* awsconfiguration.json in Resources */ = {isa = PBXBuildFile; fileRef = 7BB604BE79DCC89DC2ABB368 /* awsconfiguration.json */; };
		4D17C6E929C99B2C001CB84E /* GenericModelService.swift in Sources */ = {isa = PBXBuildFile; fileRef = 4D17C6E829C99B2C001CB84E /* GenericModelService.swift */; };
		4D17C6EB29C99BF8001CB84E /* AmplifyGenericModelService.swift in Sources */ = {isa = PBXBuildFile; fileRef = 4D17C6EA29C99BF7001CB84E /* AmplifyGenericModelService.swift */; };
		4D17C6ED29C9ADBC001CB84E /* ListViewModel.swift in Sources */ = {isa = PBXBuildFile; fileRef = 4D17C6EC29C9ADBC001CB84E /* ListViewModel.swift */; };
		4D17C6EF29CAA1C3001CB84E /* ListView.swift in Sources */ = {isa = PBXBuildFile; fileRef = 4D17C6EE29CAA1C3001CB84E /* ListView.swift */; };
		4D17C6F129CAA1FA001CB84E /* ListItemView.swift in Sources */ = {isa = PBXBuildFile; fileRef = 4D17C6F029CAA1FA001CB84E /* ListItemView.swift */; };
		4D17C6F529CAA405001CB84E /* ListItemViewModel.swift in Sources */ = {isa = PBXBuildFile; fileRef = 4D17C6F429CAA405001CB84E /* ListItemViewModel.swift */; };
		4D17C6F829CABD57001CB84E /* Posting+Extension.swift in Sources */ = {isa = PBXBuildFile; fileRef = 4D17C6F729CABD57001CB84E /* Posting+Extension.swift */; };
		4D17C6FA29CABE1A001CB84E /* Item+Extension.swift in Sources */ = {isa = PBXBuildFile; fileRef = 4D17C6F929CABE1A001CB84E /* Item+Extension.swift */; };
		4D309CA729CB02750029673E /* Chat+Extension.swift in Sources */ = {isa = PBXBuildFile; fileRef = 4D309CA629CB02750029673E /* Chat+Extension.swift */; };
		4D309CA929CB03C10029673E /* User+Extension.swift in Sources */ = {isa = PBXBuildFile; fileRef = 4D309CA829CB03C10029673E /* User+Extension.swift */; };
		4D4AD57529C6FBD400C2EEC6 /* ActionResult.swift in Sources */ = {isa = PBXBuildFile; fileRef = 4D4AD57429C6FBD400C2EEC6 /* ActionResult.swift */; };
		4D4AD57829C6FEAE00C2EEC6 /* HomeView.swift in Sources */ = {isa = PBXBuildFile; fileRef = 4D4AD57729C6FEAE00C2EEC6 /* HomeView.swift */; };
		4D68926029C41E61001ADF49 /* AuthService.swift in Sources */ = {isa = PBXBuildFile; fileRef = 4D68925F29C41E61001ADF49 /* AuthService.swift */; };
		4D68926229C41E96001ADF49 /* AmplifyAuthService.swift in Sources */ = {isa = PBXBuildFile; fileRef = 4D68926129C41E96001ADF49 /* AmplifyAuthService.swift */; };
		4D91956129C58A3B003B5922 /* LoginViewModel.swift in Sources */ = {isa = PBXBuildFile; fileRef = 4D91956029C58A3B003B5922 /* LoginViewModel.swift */; };
		4D91956329C596A3003B5922 /* Router.swift in Sources */ = {isa = PBXBuildFile; fileRef = 4D91956229C596A3003B5922 /* Router.swift */; };
		4D91956529C596D6003B5922 /* LoginView.swift in Sources */ = {isa = PBXBuildFile; fileRef = 4D91956429C596D6003B5922 /* LoginView.swift */; };
		4DA7051529C836EF004D3CBC /* ChatListView.swift in Sources */ = {isa = PBXBuildFile; fileRef = 4DA7051429C836EF004D3CBC /* ChatListView.swift */; };
		4DA7051829C837DF004D3CBC /* ChatListViewModel.swift in Sources */ = {isa = PBXBuildFile; fileRef = 4DA7051729C837DF004D3CBC /* ChatListViewModel.swift */; };
		4DA7051A29C84112004D3CBC /* ChatService.swift in Sources */ = {isa = PBXBuildFile; fileRef = 4DA7051929C84112004D3CBC /* ChatService.swift */; };
		4DA7051C29C841D4004D3CBC /* AmplifyChatService.swift in Sources */ = {isa = PBXBuildFile; fileRef = 4DA7051B29C841D4004D3CBC /* AmplifyChatService.swift */; };
		4DA7051E29C89D67004D3CBC /* GlobalState.swift in Sources */ = {isa = PBXBuildFile; fileRef = 4DA7051D29C89D67004D3CBC /* GlobalState.swift */; };
		4DC0F87629BE2D27009EE2B5 /* BarterMateApp.swift in Sources */ = {isa = PBXBuildFile; fileRef = 4DC0F87529BE2D27009EE2B5 /* BarterMateApp.swift */; };
		4DC0F87829BE2D27009EE2B5 /* ContentView.swift in Sources */ = {isa = PBXBuildFile; fileRef = 4DC0F87729BE2D27009EE2B5 /* ContentView.swift */; };
		4DC0F87A29BE2D2A009EE2B5 /* Assets.xcassets in Resources */ = {isa = PBXBuildFile; fileRef = 4DC0F87929BE2D2A009EE2B5 /* Assets.xcassets */; };
		4DC0F87D29BE2D2A009EE2B5 /* Preview Assets.xcassets in Resources */ = {isa = PBXBuildFile; fileRef = 4DC0F87C29BE2D2A009EE2B5 /* Preview Assets.xcassets */; };
		4DC0F88729BE2D2A009EE2B5 /* BarterMateTests.swift in Sources */ = {isa = PBXBuildFile; fileRef = 4DC0F88629BE2D2A009EE2B5 /* BarterMateTests.swift */; };
		4DC0F89129BE2D2A009EE2B5 /* BarterMateUITests.swift in Sources */ = {isa = PBXBuildFile; fileRef = 4DC0F89029BE2D2A009EE2B5 /* BarterMateUITests.swift */; };
		4DC0F89329BE2D2A009EE2B5 /* BarterMateUITestsLaunchTests.swift in Sources */ = {isa = PBXBuildFile; fileRef = 4DC0F89229BE2D2A009EE2B5 /* BarterMateUITestsLaunchTests.swift */; };
		4DC0F8A129BE2F5D009EE2B5 /* AWSAPIPlugin in Frameworks */ = {isa = PBXBuildFile; productRef = 4DC0F8A029BE2F5D009EE2B5 /* AWSAPIPlugin */; };
		4DC0F8A329BE2F5D009EE2B5 /* AWSCognitoAuthPlugin in Frameworks */ = {isa = PBXBuildFile; productRef = 4DC0F8A229BE2F5D009EE2B5 /* AWSCognitoAuthPlugin */; };
		4DC0F8A529BE2F5D009EE2B5 /* AWSDataStorePlugin in Frameworks */ = {isa = PBXBuildFile; productRef = 4DC0F8A429BE2F5D009EE2B5 /* AWSDataStorePlugin */; };
		4DC0F8A729BE2F5D009EE2B5 /* AWSLocationGeoPlugin in Frameworks */ = {isa = PBXBuildFile; productRef = 4DC0F8A629BE2F5D009EE2B5 /* AWSLocationGeoPlugin */; };
		4DC0F8A929BE2F5D009EE2B5 /* AWSPinpointAnalyticsPlugin in Frameworks */ = {isa = PBXBuildFile; productRef = 4DC0F8A829BE2F5D009EE2B5 /* AWSPinpointAnalyticsPlugin */; };
		4DC0F8AB29BE2F5D009EE2B5 /* AWSPinpointPushNotificationsPlugin in Frameworks */ = {isa = PBXBuildFile; productRef = 4DC0F8AA29BE2F5D009EE2B5 /* AWSPinpointPushNotificationsPlugin */; };
		4DC0F8AD29BE2F5D009EE2B5 /* AWSPluginsCore in Frameworks */ = {isa = PBXBuildFile; productRef = 4DC0F8AC29BE2F5D009EE2B5 /* AWSPluginsCore */; };
		4DC0F8AF29BE2F5D009EE2B5 /* AWSS3StoragePlugin in Frameworks */ = {isa = PBXBuildFile; productRef = 4DC0F8AE29BE2F5D009EE2B5 /* AWSS3StoragePlugin */; };
		4DC0F8B129BE2F5D009EE2B5 /* Amplify in Frameworks */ = {isa = PBXBuildFile; productRef = 4DC0F8B029BE2F5D009EE2B5 /* Amplify */; };
		51F47A3B1D3BDA3C4787DB42 /* Message.swift in Sources */ = {isa = PBXBuildFile; fileRef = 50ADF62A9DFD8D7DFA848084 /* Message.swift */; };
		5365083C8F89716DB167D767 /* User+Schema.swift in Sources */ = {isa = PBXBuildFile; fileRef = 181792E4D02494E509A6DAD9 /* User+Schema.swift */; };
		69C3C2FD2822B086ABDB5612 /* UserTransaction+Schema.swift in Sources */ = {isa = PBXBuildFile; fileRef = 4851009B2BD5D153484A4A27 /* UserTransaction+Schema.swift */; };
		82FC8FE3A0A7405BA7EF5E53 /* User.swift in Sources */ = {isa = PBXBuildFile; fileRef = 710F4B0BC88DFA18FC19011F /* User.swift */; };
		850E00250ED89B4BF34B72C0 /* Posting.swift in Sources */ = {isa = PBXBuildFile; fileRef = 4EBEA87649BE7B1792832AD8 /* Posting.swift */; };
		AAAEBFC2D0D7C2E3823505C0 /* Item+Schema.swift in Sources */ = {isa = PBXBuildFile; fileRef = C9E92979881C70FABA79EA10 /* Item+Schema.swift */; };
		AD47EC9B05D2C213951781BF /* Transaction+Schema.swift in Sources */ = {isa = PBXBuildFile; fileRef = B491D08A2162D1CDC4CC3D6B /* Transaction+Schema.swift */; };
		B27F5D222D23E58CB0AAA4C6 /* Transaction.swift in Sources */ = {isa = PBXBuildFile; fileRef = BCA264433AA3FA8A9B9E7B98 /* Transaction.swift */; };
		BDC66DF294755A74C32A51A3 /* Request+Schema.swift in Sources */ = {isa = PBXBuildFile; fileRef = B1D4AF6C1DA2D220109058C7 /* Request+Schema.swift */; };
		BE3D539F068946B8565FB0D6 /* Chat+Schema.swift in Sources */ = {isa = PBXBuildFile; fileRef = 3CCB95C904F8E2A9BCBDB83D /* Chat+Schema.swift */; };
		BED414D8153876A3A805A563 /* Message+Schema.swift in Sources */ = {isa = PBXBuildFile; fileRef = 5ED66004C83F6FE910A1CA5D /* Message+Schema.swift */; };
		E1B56582B58967A02798E3D7 /* Group.swift in Sources */ = {isa = PBXBuildFile; fileRef = 953E51B8C8AEA2EB84D96FFE /* Group.swift */; };
		E5F6B36A99D12DFF33BF0D85 /* UserChat+Schema.swift in Sources */ = {isa = PBXBuildFile; fileRef = D63B15824858EB42E6A9D164 /* UserChat+Schema.swift */; };
		EAE1D5811D7F3A1FCBF3E7A2 /* Item.swift in Sources */ = {isa = PBXBuildFile; fileRef = 72400523C3D47445D20F5F78 /* Item.swift */; };
		F079565F55A944F02A842875 /* UserTransaction.swift in Sources */ = {isa = PBXBuildFile; fileRef = 15493AFE237D3F1405C834FA /* UserTransaction.swift */; };
		F1D4F45E14D6439ED953C78D /* Category+Schema.swift in Sources */ = {isa = PBXBuildFile; fileRef = 73080FF9EBB7B943AF0763CE /* Category+Schema.swift */; };
		F5061AC38556AC131C81D956 /* Request.swift in Sources */ = {isa = PBXBuildFile; fileRef = 0C87690F81D7B273793CF891 /* Request.swift */; };
/* End PBXBuildFile section */

/* Begin PBXContainerItemProxy section */
		4DC0F88329BE2D2A009EE2B5 /* PBXContainerItemProxy */ = {
			isa = PBXContainerItemProxy;
			containerPortal = 4DC0F86A29BE2D27009EE2B5 /* Project object */;
			proxyType = 1;
			remoteGlobalIDString = 4DC0F87129BE2D27009EE2B5;
			remoteInfo = BarterMate;
		};
		4DC0F88D29BE2D2A009EE2B5 /* PBXContainerItemProxy */ = {
			isa = PBXContainerItemProxy;
			containerPortal = 4DC0F86A29BE2D27009EE2B5 /* Project object */;
			proxyType = 1;
			remoteGlobalIDString = 4DC0F87129BE2D27009EE2B5;
			remoteInfo = BarterMate;
		};
/* End PBXContainerItemProxy section */

/* Begin PBXFileReference section */
		0C87690F81D7B273793CF891 /* Request.swift */ = {isa = PBXFileReference; explicitFileType = sourcecode.swift; name = Request.swift; path = amplify/generated/models/Request.swift; sourceTree = "<group>"; };
		15493AFE237D3F1405C834FA /* UserTransaction.swift */ = {isa = PBXFileReference; explicitFileType = sourcecode.swift; name = UserTransaction.swift; path = amplify/generated/models/UserTransaction.swift; sourceTree = "<group>"; };
		1703C6FB29D0AFFF006466D3 /* UserFacade.swift */ = {isa = PBXFileReference; lastKnownFileType = sourcecode.swift; path = UserFacade.swift; sourceTree = "<group>"; };
		1703C6FD29D0B03C006466D3 /* AmplifyUserAdapter.swift */ = {isa = PBXFileReference; lastKnownFileType = sourcecode.swift; path = AmplifyUserAdapter.swift; sourceTree = "<group>"; };
		1703C6FF29D0B21F006466D3 /* AmplifyItemAdapter.swift */ = {isa = PBXFileReference; lastKnownFileType = sourcecode.swift; path = AmplifyItemAdapter.swift; sourceTree = "<group>"; };
		1703C70129D20042006466D3 /* AmplifyDateTimeConverter.swift */ = {isa = PBXFileReference; lastKnownFileType = sourcecode.swift; path = AmplifyDateTimeConverter.swift; sourceTree = "<group>"; };
		172FC0D929C616FC00842C70 /* RequestCardView.swift */ = {isa = PBXFileReference; fileEncoding = 4; lastKnownFileType = sourcecode.swift; path = RequestCardView.swift; sourceTree = "<group>"; };
		172FC0DA29C616FC00842C70 /* RequestListView.swift */ = {isa = PBXFileReference; fileEncoding = 4; lastKnownFileType = sourcecode.swift; path = RequestListView.swift; sourceTree = "<group>"; };
		172FC0DC29C616FD00842C70 /* ItemCardView.swift */ = {isa = PBXFileReference; fileEncoding = 4; lastKnownFileType = sourcecode.swift; path = ItemCardView.swift; sourceTree = "<group>"; };
		172FC0DD29C616FD00842C70 /* ItemListView.swift */ = {isa = PBXFileReference; fileEncoding = 4; lastKnownFileType = sourcecode.swift; path = ItemListView.swift; sourceTree = "<group>"; };
		172FC0DF29C616FD00842C70 /* UserProfileView.swift */ = {isa = PBXFileReference; fileEncoding = 4; lastKnownFileType = sourcecode.swift; path = UserProfileView.swift; sourceTree = "<group>"; };
		172FC0E029C616FD00842C70 /* UserProfileImageView.swift */ = {isa = PBXFileReference; fileEncoding = 4; lastKnownFileType = sourcecode.swift; path = UserProfileImageView.swift; sourceTree = "<group>"; };
		172FC0E229C616FD00842C70 /* PostingView.swift */ = {isa = PBXFileReference; fileEncoding = 4; lastKnownFileType = sourcecode.swift; path = PostingView.swift; sourceTree = "<group>"; };
		172FC0E329C616FD00842C70 /* PostingListView.swift */ = {isa = PBXFileReference; fileEncoding = 4; lastKnownFileType = sourcecode.swift; path = PostingListView.swift; sourceTree = "<group>"; };
		172FC0ED29C6171D00842C70 /* ItemViewModel.swift */ = {isa = PBXFileReference; fileEncoding = 4; lastKnownFileType = sourcecode.swift; path = ItemViewModel.swift; sourceTree = "<group>"; };
		172FC0EF29C6171E00842C70 /* UserProfileViewModel.swift */ = {isa = PBXFileReference; fileEncoding = 4; lastKnownFileType = sourcecode.swift; path = UserProfileViewModel.swift; sourceTree = "<group>"; };
		172FC0F129C6171E00842C70 /* PostingListViewModel.swift */ = {isa = PBXFileReference; fileEncoding = 4; lastKnownFileType = sourcecode.swift; path = PostingListViewModel.swift; sourceTree = "<group>"; };
		172FC0F229C6171E00842C70 /* PostingViewModel.swift */ = {isa = PBXFileReference; fileEncoding = 4; lastKnownFileType = sourcecode.swift; path = PostingViewModel.swift; sourceTree = "<group>"; };
		172FC0F429C6171E00842C70 /* RequestViewModel.swift */ = {isa = PBXFileReference; fileEncoding = 4; lastKnownFileType = sourcecode.swift; path = RequestViewModel.swift; sourceTree = "<group>"; };
		172FC0F529C6171E00842C70 /* RequestListViewModel.swift */ = {isa = PBXFileReference; fileEncoding = 4; lastKnownFileType = sourcecode.swift; path = RequestListViewModel.swift; sourceTree = "<group>"; };
		172FC0FC29C6175700842C70 /* ImageProvider.swift */ = {isa = PBXFileReference; fileEncoding = 4; lastKnownFileType = sourcecode.swift; path = ImageProvider.swift; sourceTree = "<group>"; };
		172FC0FD29C6175700842C70 /* AppServiceManager.swift */ = {isa = PBXFileReference; fileEncoding = 4; lastKnownFileType = sourcecode.swift; path = AppServiceManager.swift; sourceTree = "<group>"; };
		1734EF1C29C6312600D2D4AA /* ItemService.swift */ = {isa = PBXFileReference; lastKnownFileType = sourcecode.swift; path = ItemService.swift; sourceTree = "<group>"; };
		1734EF1E29C6313600D2D4AA /* AmplifyItemService.swift */ = {isa = PBXFileReference; lastKnownFileType = sourcecode.swift; path = AmplifyItemService.swift; sourceTree = "<group>"; };
		17375A1029CDB7C6008C31B4 /* BarterMateUser.swift */ = {isa = PBXFileReference; lastKnownFileType = sourcecode.swift; path = BarterMateUser.swift; sourceTree = "<group>"; };
		17375A1329CDB85F008C31B4 /* Identifier.swift */ = {isa = PBXFileReference; lastKnownFileType = sourcecode.swift; path = Identifier.swift; sourceTree = "<group>"; };
		17375A1629CDBC67008C31B4 /* BarterMateItem.swift */ = {isa = PBXFileReference; lastKnownFileType = sourcecode.swift; path = BarterMateItem.swift; sourceTree = "<group>"; };
		17375A1829CE7889008C31B4 /* BarterMateRequest.swift */ = {isa = PBXFileReference; lastKnownFileType = sourcecode.swift; path = BarterMateRequest.swift; sourceTree = "<group>"; };
		17375A1A29CE7B2A008C31B4 /* BarterMatePosting.swift */ = {isa = PBXFileReference; lastKnownFileType = sourcecode.swift; path = BarterMatePosting.swift; sourceTree = "<group>"; };
		174ACAA629BFA454006222AF /* StorageService.swift */ = {isa = PBXFileReference; fileEncoding = 4; lastKnownFileType = sourcecode.swift; path = StorageService.swift; sourceTree = "<group>"; };
		174ACAA729BFA454006222AF /* DataStoreServiceEvent.swift */ = {isa = PBXFileReference; fileEncoding = 4; lastKnownFileType = sourcecode.swift; path = DataStoreServiceEvent.swift; sourceTree = "<group>"; };
		174ACAA829BFA454006222AF /* DataStoreService.swift */ = {isa = PBXFileReference; fileEncoding = 4; lastKnownFileType = sourcecode.swift; path = DataStoreService.swift; sourceTree = "<group>"; };
		174ACAA929BFA454006222AF /* SessionState.swift */ = {isa = PBXFileReference; fileEncoding = 4; lastKnownFileType = sourcecode.swift; path = SessionState.swift; sourceTree = "<group>"; };
		174ACAAE29C199E4006222AF /* ServiceManager.swift */ = {isa = PBXFileReference; lastKnownFileType = sourcecode.swift; path = ServiceManager.swift; sourceTree = "<group>"; };
		17AB3A2B29C76FE600FE6DCB /* EventsPublisher.swift */ = {isa = PBXFileReference; fileEncoding = 4; lastKnownFileType = sourcecode.swift; path = EventsPublisher.swift; sourceTree = "<group>"; };
		17AB3A2C29C76FE600FE6DCB /* ItemService.swift */ = {isa = PBXFileReference; fileEncoding = 4; lastKnownFileType = sourcecode.swift; path = ItemService.swift; sourceTree = "<group>"; };
		17AB3A2D29C76FE600FE6DCB /* UserService.swift */ = {isa = PBXFileReference; fileEncoding = 4; lastKnownFileType = sourcecode.swift; path = UserService.swift; sourceTree = "<group>"; };
		17AB3A2E29C76FE600FE6DCB /* RequestService.swift */ = {isa = PBXFileReference; fileEncoding = 4; lastKnownFileType = sourcecode.swift; path = RequestService.swift; sourceTree = "<group>"; };
		17AB3A2F29C76FE600FE6DCB /* PostingService.swift */ = {isa = PBXFileReference; fileEncoding = 4; lastKnownFileType = sourcecode.swift; path = PostingService.swift; sourceTree = "<group>"; };
		17AB3A3629C7701A00FE6DCB /* AmplifyUserService.swift */ = {isa = PBXFileReference; fileEncoding = 4; lastKnownFileType = sourcecode.swift; path = AmplifyUserService.swift; sourceTree = "<group>"; };
		17AB3A3729C7701A00FE6DCB /* AmplifyDataStoreService.swift */ = {isa = PBXFileReference; fileEncoding = 4; lastKnownFileType = sourcecode.swift; path = AmplifyDataStoreService.swift; sourceTree = "<group>"; };
		17AB3A3829C7701A00FE6DCB /* AmplifyItemService.swift */ = {isa = PBXFileReference; fileEncoding = 4; lastKnownFileType = sourcecode.swift; path = AmplifyItemService.swift; sourceTree = "<group>"; };
		17AB3A3929C7701A00FE6DCB /* AmplifyEventsPublisher.swift */ = {isa = PBXFileReference; fileEncoding = 4; lastKnownFileType = sourcecode.swift; path = AmplifyEventsPublisher.swift; sourceTree = "<group>"; };
		17AB3A3B29C7701A00FE6DCB /* AmplifyStorageService.swift */ = {isa = PBXFileReference; fileEncoding = 4; lastKnownFileType = sourcecode.swift; path = AmplifyStorageService.swift; sourceTree = "<group>"; };
		17AB3A3C29C7701A00FE6DCB /* AmplifyRequestService.swift */ = {isa = PBXFileReference; fileEncoding = 4; lastKnownFileType = sourcecode.swift; path = AmplifyRequestService.swift; sourceTree = "<group>"; };
		17AB3A3D29C7701A00FE6DCB /* AmplifyPostingService.swift */ = {isa = PBXFileReference; fileEncoding = 4; lastKnownFileType = sourcecode.swift; path = AmplifyPostingService.swift; sourceTree = "<group>"; };
		181792E4D02494E509A6DAD9 /* User+Schema.swift */ = {isa = PBXFileReference; explicitFileType = sourcecode.swift; name = "User+Schema.swift"; path = "amplify/generated/models/User+Schema.swift"; sourceTree = "<group>"; };
		1B17F90476DAF2F25789B030 /* Posting+Schema.swift */ = {isa = PBXFileReference; explicitFileType = sourcecode.swift; name = "Posting+Schema.swift"; path = "amplify/generated/models/Posting+Schema.swift"; sourceTree = "<group>"; };
		1C5CF9E593E82920841EA30D /* UserChat.swift */ = {isa = PBXFileReference; explicitFileType = sourcecode.swift; name = UserChat.swift; path = amplify/generated/models/UserChat.swift; sourceTree = "<group>"; };
		312F6D1ABCF12ADC1D99DF7C /* amplifyconfiguration.json */ = {isa = PBXFileReference; explicitFileType = text.json; path = amplifyconfiguration.json; sourceTree = "<group>"; };
		3CCB95C904F8E2A9BCBDB83D /* Chat+Schema.swift */ = {isa = PBXFileReference; explicitFileType = sourcecode.swift; name = "Chat+Schema.swift"; path = "amplify/generated/models/Chat+Schema.swift"; sourceTree = "<group>"; };
		4851009B2BD5D153484A4A27 /* UserTransaction+Schema.swift */ = {isa = PBXFileReference; explicitFileType = sourcecode.swift; name = "UserTransaction+Schema.swift"; path = "amplify/generated/models/UserTransaction+Schema.swift"; sourceTree = "<group>"; };
		4D17C6E829C99B2C001CB84E /* GenericModelService.swift */ = {isa = PBXFileReference; lastKnownFileType = sourcecode.swift; path = GenericModelService.swift; sourceTree = "<group>"; };
		4D17C6EA29C99BF7001CB84E /* AmplifyGenericModelService.swift */ = {isa = PBXFileReference; lastKnownFileType = sourcecode.swift; path = AmplifyGenericModelService.swift; sourceTree = "<group>"; };
		4D17C6EC29C9ADBC001CB84E /* ListViewModel.swift */ = {isa = PBXFileReference; lastKnownFileType = sourcecode.swift; path = ListViewModel.swift; sourceTree = "<group>"; };
		4D17C6EE29CAA1C3001CB84E /* ListView.swift */ = {isa = PBXFileReference; lastKnownFileType = sourcecode.swift; path = ListView.swift; sourceTree = "<group>"; };
		4D17C6F029CAA1FA001CB84E /* ListItemView.swift */ = {isa = PBXFileReference; lastKnownFileType = sourcecode.swift; path = ListItemView.swift; sourceTree = "<group>"; };
		4D17C6F429CAA405001CB84E /* ListItemViewModel.swift */ = {isa = PBXFileReference; lastKnownFileType = sourcecode.swift; path = ListItemViewModel.swift; sourceTree = "<group>"; };
		4D17C6F729CABD57001CB84E /* Posting+Extension.swift */ = {isa = PBXFileReference; lastKnownFileType = sourcecode.swift; path = "Posting+Extension.swift"; sourceTree = "<group>"; };
		4D17C6F929CABE1A001CB84E /* Item+Extension.swift */ = {isa = PBXFileReference; lastKnownFileType = sourcecode.swift; path = "Item+Extension.swift"; sourceTree = "<group>"; };
		4D309CA629CB02750029673E /* Chat+Extension.swift */ = {isa = PBXFileReference; lastKnownFileType = sourcecode.swift; path = "Chat+Extension.swift"; sourceTree = "<group>"; };
		4D309CA829CB03C10029673E /* User+Extension.swift */ = {isa = PBXFileReference; lastKnownFileType = sourcecode.swift; path = "User+Extension.swift"; sourceTree = "<group>"; };
		4D4AD57429C6FBD400C2EEC6 /* ActionResult.swift */ = {isa = PBXFileReference; lastKnownFileType = sourcecode.swift; path = ActionResult.swift; sourceTree = "<group>"; };
		4D4AD57729C6FEAE00C2EEC6 /* HomeView.swift */ = {isa = PBXFileReference; lastKnownFileType = sourcecode.swift; path = HomeView.swift; sourceTree = "<group>"; };
		4D68925F29C41E61001ADF49 /* AuthService.swift */ = {isa = PBXFileReference; lastKnownFileType = sourcecode.swift; path = AuthService.swift; sourceTree = "<group>"; };
		4D68926129C41E96001ADF49 /* AmplifyAuthService.swift */ = {isa = PBXFileReference; lastKnownFileType = sourcecode.swift; path = AmplifyAuthService.swift; sourceTree = "<group>"; };
		4D91956029C58A3B003B5922 /* LoginViewModel.swift */ = {isa = PBXFileReference; lastKnownFileType = sourcecode.swift; path = LoginViewModel.swift; sourceTree = "<group>"; };
		4D91956229C596A3003B5922 /* Router.swift */ = {isa = PBXFileReference; lastKnownFileType = sourcecode.swift; path = Router.swift; sourceTree = "<group>"; };
		4D91956429C596D6003B5922 /* LoginView.swift */ = {isa = PBXFileReference; lastKnownFileType = sourcecode.swift; path = LoginView.swift; sourceTree = "<group>"; };
		4DA7051429C836EF004D3CBC /* ChatListView.swift */ = {isa = PBXFileReference; lastKnownFileType = sourcecode.swift; path = ChatListView.swift; sourceTree = "<group>"; };
		4DA7051729C837DF004D3CBC /* ChatListViewModel.swift */ = {isa = PBXFileReference; lastKnownFileType = sourcecode.swift; path = ChatListViewModel.swift; sourceTree = "<group>"; };
		4DA7051929C84112004D3CBC /* ChatService.swift */ = {isa = PBXFileReference; lastKnownFileType = sourcecode.swift; path = ChatService.swift; sourceTree = "<group>"; };
		4DA7051B29C841D4004D3CBC /* AmplifyChatService.swift */ = {isa = PBXFileReference; lastKnownFileType = sourcecode.swift; path = AmplifyChatService.swift; sourceTree = "<group>"; };
		4DA7051D29C89D67004D3CBC /* GlobalState.swift */ = {isa = PBXFileReference; lastKnownFileType = sourcecode.swift; path = GlobalState.swift; sourceTree = "<group>"; };
		4DC0F87229BE2D27009EE2B5 /* BarterMate.app */ = {isa = PBXFileReference; explicitFileType = wrapper.application; includeInIndex = 0; path = BarterMate.app; sourceTree = BUILT_PRODUCTS_DIR; };
		4DC0F87529BE2D27009EE2B5 /* BarterMateApp.swift */ = {isa = PBXFileReference; lastKnownFileType = sourcecode.swift; path = BarterMateApp.swift; sourceTree = "<group>"; };
		4DC0F87729BE2D27009EE2B5 /* ContentView.swift */ = {isa = PBXFileReference; lastKnownFileType = sourcecode.swift; path = ContentView.swift; sourceTree = "<group>"; };
		4DC0F87929BE2D2A009EE2B5 /* Assets.xcassets */ = {isa = PBXFileReference; lastKnownFileType = folder.assetcatalog; path = Assets.xcassets; sourceTree = "<group>"; };
		4DC0F87C29BE2D2A009EE2B5 /* Preview Assets.xcassets */ = {isa = PBXFileReference; lastKnownFileType = folder.assetcatalog; path = "Preview Assets.xcassets"; sourceTree = "<group>"; };
		4DC0F88229BE2D2A009EE2B5 /* BarterMateTests.xctest */ = {isa = PBXFileReference; explicitFileType = wrapper.cfbundle; includeInIndex = 0; path = BarterMateTests.xctest; sourceTree = BUILT_PRODUCTS_DIR; };
		4DC0F88629BE2D2A009EE2B5 /* BarterMateTests.swift */ = {isa = PBXFileReference; lastKnownFileType = sourcecode.swift; path = BarterMateTests.swift; sourceTree = "<group>"; };
		4DC0F88C29BE2D2A009EE2B5 /* BarterMateUITests.xctest */ = {isa = PBXFileReference; explicitFileType = wrapper.cfbundle; includeInIndex = 0; path = BarterMateUITests.xctest; sourceTree = BUILT_PRODUCTS_DIR; };
		4DC0F89029BE2D2A009EE2B5 /* BarterMateUITests.swift */ = {isa = PBXFileReference; lastKnownFileType = sourcecode.swift; path = BarterMateUITests.swift; sourceTree = "<group>"; };
		4DC0F89229BE2D2A009EE2B5 /* BarterMateUITestsLaunchTests.swift */ = {isa = PBXFileReference; lastKnownFileType = sourcecode.swift; path = BarterMateUITestsLaunchTests.swift; sourceTree = "<group>"; };
		4EBEA87649BE7B1792832AD8 /* Posting.swift */ = {isa = PBXFileReference; explicitFileType = sourcecode.swift; name = Posting.swift; path = amplify/generated/models/Posting.swift; sourceTree = "<group>"; };
		50ADF62A9DFD8D7DFA848084 /* Message.swift */ = {isa = PBXFileReference; explicitFileType = sourcecode.swift; name = Message.swift; path = amplify/generated/models/Message.swift; sourceTree = "<group>"; };
		5ED66004C83F6FE910A1CA5D /* Message+Schema.swift */ = {isa = PBXFileReference; explicitFileType = sourcecode.swift; name = "Message+Schema.swift"; path = "amplify/generated/models/Message+Schema.swift"; sourceTree = "<group>"; };
		710F4B0BC88DFA18FC19011F /* User.swift */ = {isa = PBXFileReference; explicitFileType = sourcecode.swift; name = User.swift; path = amplify/generated/models/User.swift; sourceTree = "<group>"; };
		72400523C3D47445D20F5F78 /* Item.swift */ = {isa = PBXFileReference; explicitFileType = sourcecode.swift; name = Item.swift; path = amplify/generated/models/Item.swift; sourceTree = "<group>"; };
		73080FF9EBB7B943AF0763CE /* Category+Schema.swift */ = {isa = PBXFileReference; explicitFileType = sourcecode.swift; name = "Category+Schema.swift"; path = "amplify/generated/models/Category+Schema.swift"; sourceTree = "<group>"; };
		7BB604BE79DCC89DC2ABB368 /* awsconfiguration.json */ = {isa = PBXFileReference; explicitFileType = text.json; path = awsconfiguration.json; sourceTree = "<group>"; };
		86594AA17B70D1270359DCA7 /* Group+Schema.swift */ = {isa = PBXFileReference; explicitFileType = sourcecode.swift; name = "Group+Schema.swift"; path = "amplify/generated/models/Group+Schema.swift"; sourceTree = "<group>"; };
		8745E176A5DB60BA803E5D18 /* AmplifyModels.swift */ = {isa = PBXFileReference; explicitFileType = sourcecode.swift; name = AmplifyModels.swift; path = amplify/generated/models/AmplifyModels.swift; sourceTree = "<group>"; };
		953E51B8C8AEA2EB84D96FFE /* Group.swift */ = {isa = PBXFileReference; explicitFileType = sourcecode.swift; name = Group.swift; path = amplify/generated/models/Group.swift; sourceTree = "<group>"; };
		B1D4AF6C1DA2D220109058C7 /* Request+Schema.swift */ = {isa = PBXFileReference; explicitFileType = sourcecode.swift; name = "Request+Schema.swift"; path = "amplify/generated/models/Request+Schema.swift"; sourceTree = "<group>"; };
		B491D08A2162D1CDC4CC3D6B /* Transaction+Schema.swift */ = {isa = PBXFileReference; explicitFileType = sourcecode.swift; name = "Transaction+Schema.swift"; path = "amplify/generated/models/Transaction+Schema.swift"; sourceTree = "<group>"; };
		B7638E5ED5318B7DB9E6680B /* TransactionStatus.swift */ = {isa = PBXFileReference; explicitFileType = sourcecode.swift; name = TransactionStatus.swift; path = amplify/generated/models/TransactionStatus.swift; sourceTree = "<group>"; };
		BCA264433AA3FA8A9B9E7B98 /* Transaction.swift */ = {isa = PBXFileReference; explicitFileType = sourcecode.swift; name = Transaction.swift; path = amplify/generated/models/Transaction.swift; sourceTree = "<group>"; };
		C9E92979881C70FABA79EA10 /* Item+Schema.swift */ = {isa = PBXFileReference; explicitFileType = sourcecode.swift; name = "Item+Schema.swift"; path = "amplify/generated/models/Item+Schema.swift"; sourceTree = "<group>"; };
		CA95A3A358495DAC8787FAAF /* Chat.swift */ = {isa = PBXFileReference; explicitFileType = sourcecode.swift; name = Chat.swift; path = amplify/generated/models/Chat.swift; sourceTree = "<group>"; };
		CCECBB0F6B90DDC29E11EAD1 /* Category.swift */ = {isa = PBXFileReference; explicitFileType = sourcecode.swift; name = Category.swift; path = amplify/generated/models/Category.swift; sourceTree = "<group>"; };
		D63B15824858EB42E6A9D164 /* UserChat+Schema.swift */ = {isa = PBXFileReference; explicitFileType = sourcecode.swift; name = "UserChat+Schema.swift"; path = "amplify/generated/models/UserChat+Schema.swift"; sourceTree = "<group>"; };
/* End PBXFileReference section */

/* Begin PBXFrameworksBuildPhase section */
		4DC0F86F29BE2D27009EE2B5 /* Frameworks */ = {
			isa = PBXFrameworksBuildPhase;
			buildActionMask = 2147483647;
			files = (
				4DC0F8B129BE2F5D009EE2B5 /* Amplify in Frameworks */,
				4DC0F8A529BE2F5D009EE2B5 /* AWSDataStorePlugin in Frameworks */,
				4DC0F8AD29BE2F5D009EE2B5 /* AWSPluginsCore in Frameworks */,
				4DC0F8AB29BE2F5D009EE2B5 /* AWSPinpointPushNotificationsPlugin in Frameworks */,
				4DC0F8A129BE2F5D009EE2B5 /* AWSAPIPlugin in Frameworks */,
				4DC0F8A929BE2F5D009EE2B5 /* AWSPinpointAnalyticsPlugin in Frameworks */,
				4DC0F8A729BE2F5D009EE2B5 /* AWSLocationGeoPlugin in Frameworks */,
				4DC0F8A329BE2F5D009EE2B5 /* AWSCognitoAuthPlugin in Frameworks */,
				4DC0F8AF29BE2F5D009EE2B5 /* AWSS3StoragePlugin in Frameworks */,
			);
			runOnlyForDeploymentPostprocessing = 0;
		};
		4DC0F87F29BE2D2A009EE2B5 /* Frameworks */ = {
			isa = PBXFrameworksBuildPhase;
			buildActionMask = 2147483647;
			files = (
			);
			runOnlyForDeploymentPostprocessing = 0;
		};
		4DC0F88929BE2D2A009EE2B5 /* Frameworks */ = {
			isa = PBXFrameworksBuildPhase;
			buildActionMask = 2147483647;
			files = (
			);
			runOnlyForDeploymentPostprocessing = 0;
		};
/* End PBXFrameworksBuildPhase section */

/* Begin PBXGroup section */
		1703C6F729D0AF48006466D3 /* User */ = {
			isa = PBXGroup;
			children = (
				17375A1029CDB7C6008C31B4 /* BarterMateUser.swift */,
				1703C6FB29D0AFFF006466D3 /* UserFacade.swift */,
			);
			path = User;
			sourceTree = "<group>";
		};
		1703C6F829D0AF99006466D3 /* Item */ = {
			isa = PBXGroup;
			children = (
				17375A1629CDBC67008C31B4 /* BarterMateItem.swift */,
			);
			path = Item;
			sourceTree = "<group>";
		};
		1703C6F929D0AFA3006466D3 /* Request */ = {
			isa = PBXGroup;
			children = (
				17375A1829CE7889008C31B4 /* BarterMateRequest.swift */,
			);
			path = Request;
			sourceTree = "<group>";
		};
		1703C6FA29D0AFAB006466D3 /* Posting */ = {
			isa = PBXGroup;
			children = (
				17375A1A29CE7B2A008C31B4 /* BarterMatePosting.swift */,
			);
			path = Posting;
			sourceTree = "<group>";
		};
		172FC0D829C616FC00842C70 /* Request */ = {
			isa = PBXGroup;
			children = (
				172FC0D929C616FC00842C70 /* RequestCardView.swift */,
				172FC0DA29C616FC00842C70 /* RequestListView.swift */,
			);
			path = Request;
			sourceTree = "<group>";
		};
		172FC0DB29C616FD00842C70 /* Item */ = {
			isa = PBXGroup;
			children = (
				172FC0DC29C616FD00842C70 /* ItemCardView.swift */,
				172FC0DD29C616FD00842C70 /* ItemListView.swift */,
			);
			path = Item;
			sourceTree = "<group>";
		};
		172FC0DE29C616FD00842C70 /* Profile */ = {
			isa = PBXGroup;
			children = (
				172FC0DF29C616FD00842C70 /* UserProfileView.swift */,
				172FC0E029C616FD00842C70 /* UserProfileImageView.swift */,
			);
			path = Profile;
			sourceTree = "<group>";
		};
		172FC0E129C616FD00842C70 /* Posting */ = {
			isa = PBXGroup;
			children = (
				172FC0E229C616FD00842C70 /* PostingView.swift */,
				172FC0E329C616FD00842C70 /* PostingListView.swift */,
			);
			path = Posting;
			sourceTree = "<group>";
		};
		172FC0EC29C6171D00842C70 /* Item */ = {
			isa = PBXGroup;
			children = (
				172FC0ED29C6171D00842C70 /* ItemViewModel.swift */,
			);
			path = Item;
			sourceTree = "<group>";
		};
		172FC0EE29C6171E00842C70 /* Profile */ = {
			isa = PBXGroup;
			children = (
				172FC0EF29C6171E00842C70 /* UserProfileViewModel.swift */,
			);
			path = Profile;
			sourceTree = "<group>";
		};
		172FC0F029C6171E00842C70 /* Posting */ = {
			isa = PBXGroup;
			children = (
				172FC0F129C6171E00842C70 /* PostingListViewModel.swift */,
				172FC0F229C6171E00842C70 /* PostingViewModel.swift */,
			);
			path = Posting;
			sourceTree = "<group>";
		};
		172FC0F329C6171E00842C70 /* Request */ = {
			isa = PBXGroup;
			children = (
				172FC0F429C6171E00842C70 /* RequestViewModel.swift */,
				172FC0F529C6171E00842C70 /* RequestListViewModel.swift */,
			);
			path = Request;
			sourceTree = "<group>";
		};
		17375A1229CDB7CC008C31B4 /* Utility */ = {
			isa = PBXGroup;
			children = (
				17375A1329CDB85F008C31B4 /* Identifier.swift */,
			);
			path = Utility;
			sourceTree = "<group>";
		};
		17375A1529CDBA5F008C31B4 /* AmplifyAdapters */ = {
			isa = PBXGroup;
			children = (
				1703C6FD29D0B03C006466D3 /* AmplifyUserAdapter.swift */,
				1703C6FF29D0B21F006466D3 /* AmplifyItemAdapter.swift */,
				1703C70129D20042006466D3 /* AmplifyDateTimeConverter.swift */,
			);
			path = AmplifyAdapters;
			sourceTree = "<group>";
		};
		174ACAA529BFA454006222AF /* Service */ = {
			isa = PBXGroup;
			children = (
				1734EF1C29C6312600D2D4AA /* ItemService.swift */,
				172FC0FD29C6175700842C70 /* AppServiceManager.swift */,
				4D68925F29C41E61001ADF49 /* AuthService.swift */,
				174ACAA829BFA454006222AF /* DataStoreService.swift */,
				174ACAA729BFA454006222AF /* DataStoreServiceEvent.swift */,
				17AB3A2B29C76FE600FE6DCB /* EventsPublisher.swift */,
				172FC0FC29C6175700842C70 /* ImageProvider.swift */,
				17AB3A2C29C76FE600FE6DCB /* ItemService.swift */,
				17AB3A2F29C76FE600FE6DCB /* PostingService.swift */,
				17AB3A2E29C76FE600FE6DCB /* RequestService.swift */,
				174ACAAE29C199E4006222AF /* ServiceManager.swift */,
				174ACAA929BFA454006222AF /* SessionState.swift */,
				174ACAA629BFA454006222AF /* StorageService.swift */,
				17AB3A2D29C76FE600FE6DCB /* UserService.swift */,
				4DA7051929C84112004D3CBC /* ChatService.swift */,
				4D17C6E829C99B2C001CB84E /* GenericModelService.swift */,
			);
			path = Service;
			sourceTree = "<group>";
		};
		17AB3A3529C7701A00FE6DCB /* AmplifyServices */ = {
			isa = PBXGroup;
			children = (
				17AB3A3629C7701A00FE6DCB /* AmplifyUserService.swift */,
				17AB3A3729C7701A00FE6DCB /* AmplifyDataStoreService.swift */,
				17AB3A3829C7701A00FE6DCB /* AmplifyItemService.swift */,
				17AB3A3929C7701A00FE6DCB /* AmplifyEventsPublisher.swift */,
				17AB3A3B29C7701A00FE6DCB /* AmplifyStorageService.swift */,
				17AB3A3C29C7701A00FE6DCB /* AmplifyRequestService.swift */,
				17AB3A3D29C7701A00FE6DCB /* AmplifyPostingService.swift */,
				4D68926129C41E96001ADF49 /* AmplifyAuthService.swift */,
				4DA7051B29C841D4004D3CBC /* AmplifyChatService.swift */,
				4D17C6EA29C99BF7001CB84E /* AmplifyGenericModelService.swift */,
			);
			path = AmplifyServices;
			sourceTree = "<group>";
		};
		4D17C6E729C99952001CB84E /* Recovered References */ = {
			isa = PBXGroup;
			children = (
				1734EF1E29C6313600D2D4AA /* AmplifyItemService.swift */,
			);
			name = "Recovered References";
			sourceTree = "<group>";
		};
		4D17C6F629CABD40001CB84E /* Models */ = {
			isa = PBXGroup;
			children = (
				1703C6FA29D0AFAB006466D3 /* Posting */,
				1703C6F929D0AFA3006466D3 /* Request */,
				1703C6F829D0AF99006466D3 /* Item */,
				1703C6F729D0AF48006466D3 /* User */,
				4D17C6F729CABD57001CB84E /* Posting+Extension.swift */,
				4D17C6F929CABE1A001CB84E /* Item+Extension.swift */,
				4D309CA629CB02750029673E /* Chat+Extension.swift */,
				4D309CA829CB03C10029673E /* User+Extension.swift */,
			);
			path = Models;
			sourceTree = "<group>";
		};
		4D4AD57229C6F76D00C2EEC6 /* Auth */ = {
			isa = PBXGroup;
			children = (
				4D91956429C596D6003B5922 /* LoginView.swift */,
			);
			path = Auth;
			sourceTree = "<group>";
		};
		4D4AD57329C6F85100C2EEC6 /* Auth */ = {
			isa = PBXGroup;
			children = (
				4D91956029C58A3B003B5922 /* LoginViewModel.swift */,
			);
			path = Auth;
			sourceTree = "<group>";
		};
		4D4AD57629C6FEA100C2EEC6 /* Home */ = {
			isa = PBXGroup;
			children = (
				4D4AD57729C6FEAE00C2EEC6 /* HomeView.swift */,
			);
			path = Home;
			sourceTree = "<group>";
		};
		4D91955D29C58A05003B5922 /* ViewModels */ = {
			isa = PBXGroup;
			children = (
				4DA7051629C8377A004D3CBC /* Chat */,
				4D4AD57329C6F85100C2EEC6 /* Auth */,
				172FC0EC29C6171D00842C70 /* Item */,
				172FC0F029C6171E00842C70 /* Posting */,
				172FC0EE29C6171E00842C70 /* Profile */,
				172FC0F329C6171E00842C70 /* Request */,
				4D17C6EC29C9ADBC001CB84E /* ListViewModel.swift */,
				4D17C6F429CAA405001CB84E /* ListItemViewModel.swift */,
			);
			path = ViewModels;
			sourceTree = "<group>";
		};
		4D91955E29C58A0C003B5922 /* Views */ = {
			isa = PBXGroup;
			children = (
				4DA7051329C835FB004D3CBC /* Chat */,
				4D4AD57629C6FEA100C2EEC6 /* Home */,
				4D4AD57229C6F76D00C2EEC6 /* Auth */,
				172FC0DB29C616FD00842C70 /* Item */,
				172FC0E129C616FD00842C70 /* Posting */,
				172FC0DE29C616FD00842C70 /* Profile */,
				172FC0D829C616FC00842C70 /* Request */,
				4D17C6EE29CAA1C3001CB84E /* ListView.swift */,
				4D17C6F029CAA1FA001CB84E /* ListItemView.swift */,
			);
			path = Views;
			sourceTree = "<group>";
		};
		4D91955F29C58A24003B5922 /* Helpers */ = {
			isa = PBXGroup;
			children = (
				4D91956229C596A3003B5922 /* Router.swift */,
				4D4AD57429C6FBD400C2EEC6 /* ActionResult.swift */,
				4DA7051D29C89D67004D3CBC /* GlobalState.swift */,
			);
			path = Helpers;
			sourceTree = "<group>";
		};
		4DA7051329C835FB004D3CBC /* Chat */ = {
			isa = PBXGroup;
			children = (
				4DA7051429C836EF004D3CBC /* ChatListView.swift */,
			);
			path = Chat;
			sourceTree = "<group>";
		};
		4DA7051629C8377A004D3CBC /* Chat */ = {
			isa = PBXGroup;
			children = (
				4DA7051729C837DF004D3CBC /* ChatListViewModel.swift */,
			);
			path = Chat;
			sourceTree = "<group>";
		};
		4DC0F86929BE2D27009EE2B5 = {
			isa = PBXGroup;
			children = (
				17AB3A3529C7701A00FE6DCB /* AmplifyServices */,
				4DC0F87429BE2D27009EE2B5 /* BarterMate */,
				4DC0F88529BE2D2A009EE2B5 /* BarterMateTests */,
				4DC0F88F29BE2D2A009EE2B5 /* BarterMateUITests */,
				4DC0F87329BE2D27009EE2B5 /* Products */,
				A6A581AD5EE2E153BDDB950B /* AmplifyConfig */,
				8CB6AEB7278AC47DC239B200 /* AmplifyModels */,
				4D17C6E729C99952001CB84E /* Recovered References */,
			);
			sourceTree = "<group>";
		};
		4DC0F87329BE2D27009EE2B5 /* Products */ = {
			isa = PBXGroup;
			children = (
				4DC0F87229BE2D27009EE2B5 /* BarterMate.app */,
				4DC0F88229BE2D2A009EE2B5 /* BarterMateTests.xctest */,
				4DC0F88C29BE2D2A009EE2B5 /* BarterMateUITests.xctest */,
			);
			name = Products;
			sourceTree = "<group>";
		};
		4DC0F87429BE2D27009EE2B5 /* BarterMate */ = {
			isa = PBXGroup;
			children = (
				17375A1529CDBA5F008C31B4 /* AmplifyAdapters */,
				17375A1229CDB7CC008C31B4 /* Utility */,
				4D17C6F629CABD40001CB84E /* Models */,
				4D91955F29C58A24003B5922 /* Helpers */,
				4D91955E29C58A0C003B5922 /* Views */,
				4D91955D29C58A05003B5922 /* ViewModels */,
				174ACAA529BFA454006222AF /* Service */,
				4DC0F87529BE2D27009EE2B5 /* BarterMateApp.swift */,
				4DC0F87729BE2D27009EE2B5 /* ContentView.swift */,
				4DC0F87929BE2D2A009EE2B5 /* Assets.xcassets */,
				4DC0F87B29BE2D2A009EE2B5 /* Preview Content */,
			);
			path = BarterMate;
			sourceTree = "<group>";
		};
		4DC0F87B29BE2D2A009EE2B5 /* Preview Content */ = {
			isa = PBXGroup;
			children = (
				4DC0F87C29BE2D2A009EE2B5 /* Preview Assets.xcassets */,
			);
			path = "Preview Content";
			sourceTree = "<group>";
		};
		4DC0F88529BE2D2A009EE2B5 /* BarterMateTests */ = {
			isa = PBXGroup;
			children = (
				4DC0F88629BE2D2A009EE2B5 /* BarterMateTests.swift */,
			);
			path = BarterMateTests;
			sourceTree = "<group>";
		};
		4DC0F88F29BE2D2A009EE2B5 /* BarterMateUITests */ = {
			isa = PBXGroup;
			children = (
				4DC0F89029BE2D2A009EE2B5 /* BarterMateUITests.swift */,
				4DC0F89229BE2D2A009EE2B5 /* BarterMateUITestsLaunchTests.swift */,
			);
			path = BarterMateUITests;
			sourceTree = "<group>";
		};
		8CB6AEB7278AC47DC239B200 /* AmplifyModels */ = {
			isa = PBXGroup;
			children = (
				8745E176A5DB60BA803E5D18 /* AmplifyModels.swift */,
				73080FF9EBB7B943AF0763CE /* Category+Schema.swift */,
				CCECBB0F6B90DDC29E11EAD1 /* Category.swift */,
				3CCB95C904F8E2A9BCBDB83D /* Chat+Schema.swift */,
				CA95A3A358495DAC8787FAAF /* Chat.swift */,
				86594AA17B70D1270359DCA7 /* Group+Schema.swift */,
				953E51B8C8AEA2EB84D96FFE /* Group.swift */,
				C9E92979881C70FABA79EA10 /* Item+Schema.swift */,
				72400523C3D47445D20F5F78 /* Item.swift */,
				5ED66004C83F6FE910A1CA5D /* Message+Schema.swift */,
				50ADF62A9DFD8D7DFA848084 /* Message.swift */,
				1B17F90476DAF2F25789B030 /* Posting+Schema.swift */,
				4EBEA87649BE7B1792832AD8 /* Posting.swift */,
				B1D4AF6C1DA2D220109058C7 /* Request+Schema.swift */,
				0C87690F81D7B273793CF891 /* Request.swift */,
				B491D08A2162D1CDC4CC3D6B /* Transaction+Schema.swift */,
				BCA264433AA3FA8A9B9E7B98 /* Transaction.swift */,
				B7638E5ED5318B7DB9E6680B /* TransactionStatus.swift */,
				181792E4D02494E509A6DAD9 /* User+Schema.swift */,
				710F4B0BC88DFA18FC19011F /* User.swift */,
				D63B15824858EB42E6A9D164 /* UserChat+Schema.swift */,
				1C5CF9E593E82920841EA30D /* UserChat.swift */,
				4851009B2BD5D153484A4A27 /* UserTransaction+Schema.swift */,
				15493AFE237D3F1405C834FA /* UserTransaction.swift */,
			);
			name = AmplifyModels;
			sourceTree = "<group>";
		};
		A6A581AD5EE2E153BDDB950B /* AmplifyConfig */ = {
			isa = PBXGroup;
			children = (
				7BB604BE79DCC89DC2ABB368 /* awsconfiguration.json */,
				312F6D1ABCF12ADC1D99DF7C /* amplifyconfiguration.json */,
			);
			name = AmplifyConfig;
			sourceTree = "<group>";
		};
/* End PBXGroup section */

/* Begin PBXNativeTarget section */
		4DC0F87129BE2D27009EE2B5 /* BarterMate */ = {
			isa = PBXNativeTarget;
			buildConfigurationList = 4DC0F89629BE2D2A009EE2B5 /* Build configuration list for PBXNativeTarget "BarterMate" */;
			buildPhases = (
				4DC0F86E29BE2D27009EE2B5 /* Sources */,
				4DC0F86F29BE2D27009EE2B5 /* Frameworks */,
				4DC0F87029BE2D27009EE2B5 /* Resources */,
			);
			buildRules = (
			);
			dependencies = (
			);
			name = BarterMate;
			packageProductDependencies = (
				4DC0F8A029BE2F5D009EE2B5 /* AWSAPIPlugin */,
				4DC0F8A229BE2F5D009EE2B5 /* AWSCognitoAuthPlugin */,
				4DC0F8A429BE2F5D009EE2B5 /* AWSDataStorePlugin */,
				4DC0F8A629BE2F5D009EE2B5 /* AWSLocationGeoPlugin */,
				4DC0F8A829BE2F5D009EE2B5 /* AWSPinpointAnalyticsPlugin */,
				4DC0F8AA29BE2F5D009EE2B5 /* AWSPinpointPushNotificationsPlugin */,
				4DC0F8AC29BE2F5D009EE2B5 /* AWSPluginsCore */,
				4DC0F8AE29BE2F5D009EE2B5 /* AWSS3StoragePlugin */,
				4DC0F8B029BE2F5D009EE2B5 /* Amplify */,
			);
			productName = BarterMate;
			productReference = 4DC0F87229BE2D27009EE2B5 /* BarterMate.app */;
			productType = "com.apple.product-type.application";
		};
		4DC0F88129BE2D2A009EE2B5 /* BarterMateTests */ = {
			isa = PBXNativeTarget;
			buildConfigurationList = 4DC0F89929BE2D2A009EE2B5 /* Build configuration list for PBXNativeTarget "BarterMateTests" */;
			buildPhases = (
				4DC0F87E29BE2D2A009EE2B5 /* Sources */,
				4DC0F87F29BE2D2A009EE2B5 /* Frameworks */,
				4DC0F88029BE2D2A009EE2B5 /* Resources */,
			);
			buildRules = (
			);
			dependencies = (
				4DC0F88429BE2D2A009EE2B5 /* PBXTargetDependency */,
			);
			name = BarterMateTests;
			productName = BarterMateTests;
			productReference = 4DC0F88229BE2D2A009EE2B5 /* BarterMateTests.xctest */;
			productType = "com.apple.product-type.bundle.unit-test";
		};
		4DC0F88B29BE2D2A009EE2B5 /* BarterMateUITests */ = {
			isa = PBXNativeTarget;
			buildConfigurationList = 4DC0F89C29BE2D2A009EE2B5 /* Build configuration list for PBXNativeTarget "BarterMateUITests" */;
			buildPhases = (
				4DC0F88829BE2D2A009EE2B5 /* Sources */,
				4DC0F88929BE2D2A009EE2B5 /* Frameworks */,
				4DC0F88A29BE2D2A009EE2B5 /* Resources */,
			);
			buildRules = (
			);
			dependencies = (
				4DC0F88E29BE2D2A009EE2B5 /* PBXTargetDependency */,
			);
			name = BarterMateUITests;
			productName = BarterMateUITests;
			productReference = 4DC0F88C29BE2D2A009EE2B5 /* BarterMateUITests.xctest */;
			productType = "com.apple.product-type.bundle.ui-testing";
		};
/* End PBXNativeTarget section */

/* Begin PBXProject section */
		4DC0F86A29BE2D27009EE2B5 /* Project object */ = {
			isa = PBXProject;
			attributes = {
				BuildIndependentTargetsInParallel = 1;
				LastSwiftUpdateCheck = 1410;
				LastUpgradeCheck = 1410;
				TargetAttributes = {
					4DC0F87129BE2D27009EE2B5 = {
						CreatedOnToolsVersion = 14.1;
					};
					4DC0F88129BE2D2A009EE2B5 = {
						CreatedOnToolsVersion = 14.1;
						TestTargetID = 4DC0F87129BE2D27009EE2B5;
					};
					4DC0F88B29BE2D2A009EE2B5 = {
						CreatedOnToolsVersion = 14.1;
						TestTargetID = 4DC0F87129BE2D27009EE2B5;
					};
				};
			};
			buildConfigurationList = 4DC0F86D29BE2D27009EE2B5 /* Build configuration list for PBXProject "BarterMate" */;
			compatibilityVersion = "Xcode 14.0";
			developmentRegion = en;
			hasScannedForEncodings = 0;
			knownRegions = (
				en,
				Base,
			);
			mainGroup = 4DC0F86929BE2D27009EE2B5;
			packageReferences = (
				4DC0F89F29BE2F5D009EE2B5 /* XCRemoteSwiftPackageReference "amplify-swift" */,
			);
			productRefGroup = 4DC0F87329BE2D27009EE2B5 /* Products */;
			projectDirPath = "";
			projectRoot = "";
			targets = (
				4DC0F87129BE2D27009EE2B5 /* BarterMate */,
				4DC0F88129BE2D2A009EE2B5 /* BarterMateTests */,
				4DC0F88B29BE2D2A009EE2B5 /* BarterMateUITests */,
			);
		};
/* End PBXProject section */

/* Begin PBXResourcesBuildPhase section */
		4DC0F87029BE2D27009EE2B5 /* Resources */ = {
			isa = PBXResourcesBuildPhase;
			buildActionMask = 2147483647;
			files = (
				4DC0F87D29BE2D2A009EE2B5 /* Preview Assets.xcassets in Resources */,
				4DC0F87A29BE2D2A009EE2B5 /* Assets.xcassets in Resources */,
				414C5B354AB8901CD300A4C9 /* awsconfiguration.json in Resources */,
				2CABF6864C46483D590DE684 /* amplifyconfiguration.json in Resources */,
			);
			runOnlyForDeploymentPostprocessing = 0;
		};
		4DC0F88029BE2D2A009EE2B5 /* Resources */ = {
			isa = PBXResourcesBuildPhase;
			buildActionMask = 2147483647;
			files = (
			);
			runOnlyForDeploymentPostprocessing = 0;
		};
		4DC0F88A29BE2D2A009EE2B5 /* Resources */ = {
			isa = PBXResourcesBuildPhase;
			buildActionMask = 2147483647;
			files = (
			);
			runOnlyForDeploymentPostprocessing = 0;
		};
/* End PBXResourcesBuildPhase section */

/* Begin PBXSourcesBuildPhase section */
		4DC0F86E29BE2D27009EE2B5 /* Sources */ = {
			isa = PBXSourcesBuildPhase;
			buildActionMask = 2147483647;
			files = (
				172FC0E529C616FD00842C70 /* RequestListView.swift in Sources */,
				4DC0F87829BE2D27009EE2B5 /* ContentView.swift in Sources */,
				174ACAAA29BFA454006222AF /* StorageService.swift in Sources */,
				174ACAAF29C199E4006222AF /* ServiceManager.swift in Sources */,
				172FC0E429C616FD00842C70 /* RequestCardView.swift in Sources */,
				4D17C6E929C99B2C001CB84E /* GenericModelService.swift in Sources */,
				4DC0F87629BE2D27009EE2B5 /* BarterMateApp.swift in Sources */,
				172FC0E629C616FD00842C70 /* ItemCardView.swift in Sources */,
				4D17C6FA29CABE1A001CB84E /* Item+Extension.swift in Sources */,
				4D17C6ED29C9ADBC001CB84E /* ListViewModel.swift in Sources */,
				174ACAAD29BFA454006222AF /* SessionState.swift in Sources */,
				174ACAAB29BFA454006222AF /* DataStoreServiceEvent.swift in Sources */,
				4D91956329C596A3003B5922 /* Router.swift in Sources */,
				17AB3A3329C76FE600FE6DCB /* RequestService.swift in Sources */,
				4D91956129C58A3B003B5922 /* LoginViewModel.swift in Sources */,
				1703C6FC29D0AFFF006466D3 /* UserFacade.swift in Sources */,
				172FC0E729C616FD00842C70 /* ItemListView.swift in Sources */,
				174ACAAC29BFA454006222AF /* DataStoreService.swift in Sources */,
				088EE78C76D8B9F3FA5F597B /* AmplifyModels.swift in Sources */,
				4D17C6F529CAA405001CB84E /* ListItemViewModel.swift in Sources */,
				F1D4F45E14D6439ED953C78D /* Category+Schema.swift in Sources */,
				1703C6FE29D0B03C006466D3 /* AmplifyUserAdapter.swift in Sources */,
				17AB3A4329C7701A00FE6DCB /* AmplifyStorageService.swift in Sources */,
				172FC0F729C6171E00842C70 /* UserProfileViewModel.swift in Sources */,
				172FC0EB29C616FD00842C70 /* PostingListView.swift in Sources */,
				3DE63DE4217676F0B159A18C /* Category.swift in Sources */,
				BE3D539F068946B8565FB0D6 /* Chat+Schema.swift in Sources */,
				4D68926229C41E96001ADF49 /* AmplifyAuthService.swift in Sources */,
				4D91956529C596D6003B5922 /* LoginView.swift in Sources */,
				17375A1929CE7889008C31B4 /* BarterMateRequest.swift in Sources */,
				1703C70029D0B21F006466D3 /* AmplifyItemAdapter.swift in Sources */,
				172FC0E829C616FD00842C70 /* UserProfileView.swift in Sources */,
				4053FCBFBD6E2DF6DBF0DF0F /* Chat.swift in Sources */,
				172FC0EA29C616FD00842C70 /* PostingView.swift in Sources */,
				172FC0FB29C6171E00842C70 /* RequestListViewModel.swift in Sources */,
				4DA7051C29C841D4004D3CBC /* AmplifyChatService.swift in Sources */,
				0374E2AF17262B5D9412C0FF /* Group+Schema.swift in Sources */,
				E1B56582B58967A02798E3D7 /* Group.swift in Sources */,
				4D4AD57829C6FEAE00C2EEC6 /* HomeView.swift in Sources */,
				4D17C6EF29CAA1C3001CB84E /* ListView.swift in Sources */,
				AAAEBFC2D0D7C2E3823505C0 /* Item+Schema.swift in Sources */,
				EAE1D5811D7F3A1FCBF3E7A2 /* Item.swift in Sources */,
				172FC0FF29C6175700842C70 /* AppServiceManager.swift in Sources */,
				BED414D8153876A3A805A563 /* Message+Schema.swift in Sources */,
				17AB3A4429C7701A00FE6DCB /* AmplifyRequestService.swift in Sources */,
				4D17C6EB29C99BF8001CB84E /* AmplifyGenericModelService.swift in Sources */,
				17AB3A3229C76FE600FE6DCB /* UserService.swift in Sources */,
				17AB3A4029C7701A00FE6DCB /* AmplifyItemService.swift in Sources */,
				51F47A3B1D3BDA3C4787DB42 /* Message.swift in Sources */,
				4D17C6F129CAA1FA001CB84E /* ListItemView.swift in Sources */,
				4DA7051E29C89D67004D3CBC /* GlobalState.swift in Sources */,
				17375A1129CDB7C6008C31B4 /* BarterMateUser.swift in Sources */,
				2906A91F519B174DD98F549D /* Posting+Schema.swift in Sources */,
				172FC0F929C6171E00842C70 /* PostingViewModel.swift in Sources */,
				4D309CA929CB03C10029673E /* User+Extension.swift in Sources */,
				850E00250ED89B4BF34B72C0 /* Posting.swift in Sources */,
				BDC66DF294755A74C32A51A3 /* Request+Schema.swift in Sources */,
				17AB3A3F29C7701A00FE6DCB /* AmplifyDataStoreService.swift in Sources */,
				F5061AC38556AC131C81D956 /* Request.swift in Sources */,
				17AB3A3E29C7701A00FE6DCB /* AmplifyUserService.swift in Sources */,
				1734EF1D29C6312600D2D4AA /* ItemService.swift in Sources */,
				4D309CA729CB02750029673E /* Chat+Extension.swift in Sources */,
				AD47EC9B05D2C213951781BF /* Transaction+Schema.swift in Sources */,
				172FC0F629C6171E00842C70 /* ItemViewModel.swift in Sources */,
				17375A1B29CE7B2A008C31B4 /* BarterMatePosting.swift in Sources */,
				172FC0FE29C6175700842C70 /* ImageProvider.swift in Sources */,
				B27F5D222D23E58CB0AAA4C6 /* Transaction.swift in Sources */,
				17AB3A4529C7701A00FE6DCB /* AmplifyPostingService.swift in Sources */,
				17AB3A4129C7701A00FE6DCB /* AmplifyEventsPublisher.swift in Sources */,
				2E788FD002A9D23A4CA23E89 /* TransactionStatus.swift in Sources */,
				17375A1729CDBC67008C31B4 /* BarterMateItem.swift in Sources */,
				5365083C8F89716DB167D767 /* User+Schema.swift in Sources */,
				4DA7051529C836EF004D3CBC /* ChatListView.swift in Sources */,
				172FC0FA29C6171E00842C70 /* RequestViewModel.swift in Sources */,
				82FC8FE3A0A7405BA7EF5E53 /* User.swift in Sources */,
				17AB3A3429C76FE600FE6DCB /* PostingService.swift in Sources */,
				172FC0F829C6171E00842C70 /* PostingListViewModel.swift in Sources */,
				E5F6B36A99D12DFF33BF0D85 /* UserChat+Schema.swift in Sources */,
				1703C70229D20042006466D3 /* AmplifyDateTimeConverter.swift in Sources */,
				3EF6F2339C3D0BDE1ED1EFC8 /* UserChat.swift in Sources */,
				4D68926029C41E61001ADF49 /* AuthService.swift in Sources */,
				4DA7051A29C84112004D3CBC /* ChatService.swift in Sources */,
				4D4AD57529C6FBD400C2EEC6 /* ActionResult.swift in Sources */,
				69C3C2FD2822B086ABDB5612 /* UserTransaction+Schema.swift in Sources */,
				17AB3A3029C76FE600FE6DCB /* EventsPublisher.swift in Sources */,
				4D17C6F829CABD57001CB84E /* Posting+Extension.swift in Sources */,
				F079565F55A944F02A842875 /* UserTransaction.swift in Sources */,
				17375A1429CDB85F008C31B4 /* Identifier.swift in Sources */,
				4DA7051829C837DF004D3CBC /* ChatListViewModel.swift in Sources */,
				172FC0E929C616FD00842C70 /* UserProfileImageView.swift in Sources */,
			);
			runOnlyForDeploymentPostprocessing = 0;
		};
		4DC0F87E29BE2D2A009EE2B5 /* Sources */ = {
			isa = PBXSourcesBuildPhase;
			buildActionMask = 2147483647;
			files = (
				4DC0F88729BE2D2A009EE2B5 /* BarterMateTests.swift in Sources */,
			);
			runOnlyForDeploymentPostprocessing = 0;
		};
		4DC0F88829BE2D2A009EE2B5 /* Sources */ = {
			isa = PBXSourcesBuildPhase;
			buildActionMask = 2147483647;
			files = (
				4DC0F89129BE2D2A009EE2B5 /* BarterMateUITests.swift in Sources */,
				4DC0F89329BE2D2A009EE2B5 /* BarterMateUITestsLaunchTests.swift in Sources */,
			);
			runOnlyForDeploymentPostprocessing = 0;
		};
/* End PBXSourcesBuildPhase section */

/* Begin PBXTargetDependency section */
		4DC0F88429BE2D2A009EE2B5 /* PBXTargetDependency */ = {
			isa = PBXTargetDependency;
			target = 4DC0F87129BE2D27009EE2B5 /* BarterMate */;
			targetProxy = 4DC0F88329BE2D2A009EE2B5 /* PBXContainerItemProxy */;
		};
		4DC0F88E29BE2D2A009EE2B5 /* PBXTargetDependency */ = {
			isa = PBXTargetDependency;
			target = 4DC0F87129BE2D27009EE2B5 /* BarterMate */;
			targetProxy = 4DC0F88D29BE2D2A009EE2B5 /* PBXContainerItemProxy */;
		};
/* End PBXTargetDependency section */

/* Begin XCBuildConfiguration section */
		4DC0F89429BE2D2A009EE2B5 /* Debug */ = {
			isa = XCBuildConfiguration;
			buildSettings = {
				ALWAYS_SEARCH_USER_PATHS = NO;
				CLANG_ANALYZER_NONNULL = YES;
				CLANG_ANALYZER_NUMBER_OBJECT_CONVERSION = YES_AGGRESSIVE;
				CLANG_CXX_LANGUAGE_STANDARD = "gnu++20";
				CLANG_ENABLE_MODULES = YES;
				CLANG_ENABLE_OBJC_ARC = YES;
				CLANG_ENABLE_OBJC_WEAK = YES;
				CLANG_WARN_BLOCK_CAPTURE_AUTORELEASING = YES;
				CLANG_WARN_BOOL_CONVERSION = YES;
				CLANG_WARN_COMMA = YES;
				CLANG_WARN_CONSTANT_CONVERSION = YES;
				CLANG_WARN_DEPRECATED_OBJC_IMPLEMENTATIONS = YES;
				CLANG_WARN_DIRECT_OBJC_ISA_USAGE = YES_ERROR;
				CLANG_WARN_DOCUMENTATION_COMMENTS = YES;
				CLANG_WARN_EMPTY_BODY = YES;
				CLANG_WARN_ENUM_CONVERSION = YES;
				CLANG_WARN_INFINITE_RECURSION = YES;
				CLANG_WARN_INT_CONVERSION = YES;
				CLANG_WARN_NON_LITERAL_NULL_CONVERSION = YES;
				CLANG_WARN_OBJC_IMPLICIT_RETAIN_SELF = YES;
				CLANG_WARN_OBJC_LITERAL_CONVERSION = YES;
				CLANG_WARN_OBJC_ROOT_CLASS = YES_ERROR;
				CLANG_WARN_QUOTED_INCLUDE_IN_FRAMEWORK_HEADER = YES;
				CLANG_WARN_RANGE_LOOP_ANALYSIS = YES;
				CLANG_WARN_STRICT_PROTOTYPES = YES;
				CLANG_WARN_SUSPICIOUS_MOVE = YES;
				CLANG_WARN_UNGUARDED_AVAILABILITY = YES_AGGRESSIVE;
				CLANG_WARN_UNREACHABLE_CODE = YES;
				CLANG_WARN__DUPLICATE_METHOD_MATCH = YES;
				COPY_PHASE_STRIP = NO;
				DEBUG_INFORMATION_FORMAT = dwarf;
				ENABLE_STRICT_OBJC_MSGSEND = YES;
				ENABLE_TESTABILITY = YES;
				GCC_C_LANGUAGE_STANDARD = gnu11;
				GCC_DYNAMIC_NO_PIC = NO;
				GCC_NO_COMMON_BLOCKS = YES;
				GCC_OPTIMIZATION_LEVEL = 0;
				GCC_PREPROCESSOR_DEFINITIONS = (
					"DEBUG=1",
					"$(inherited)",
				);
				GCC_WARN_64_TO_32_BIT_CONVERSION = YES;
				GCC_WARN_ABOUT_RETURN_TYPE = YES_ERROR;
				GCC_WARN_UNDECLARED_SELECTOR = YES;
				GCC_WARN_UNINITIALIZED_AUTOS = YES_AGGRESSIVE;
				GCC_WARN_UNUSED_FUNCTION = YES;
				GCC_WARN_UNUSED_VARIABLE = YES;
				IPHONEOS_DEPLOYMENT_TARGET = 16.1;
				MTL_ENABLE_DEBUG_INFO = INCLUDE_SOURCE;
				MTL_FAST_MATH = YES;
				ONLY_ACTIVE_ARCH = YES;
				SDKROOT = iphoneos;
				SWIFT_ACTIVE_COMPILATION_CONDITIONS = DEBUG;
				SWIFT_OPTIMIZATION_LEVEL = "-Onone";
			};
			name = Debug;
		};
		4DC0F89529BE2D2A009EE2B5 /* Release */ = {
			isa = XCBuildConfiguration;
			buildSettings = {
				ALWAYS_SEARCH_USER_PATHS = NO;
				CLANG_ANALYZER_NONNULL = YES;
				CLANG_ANALYZER_NUMBER_OBJECT_CONVERSION = YES_AGGRESSIVE;
				CLANG_CXX_LANGUAGE_STANDARD = "gnu++20";
				CLANG_ENABLE_MODULES = YES;
				CLANG_ENABLE_OBJC_ARC = YES;
				CLANG_ENABLE_OBJC_WEAK = YES;
				CLANG_WARN_BLOCK_CAPTURE_AUTORELEASING = YES;
				CLANG_WARN_BOOL_CONVERSION = YES;
				CLANG_WARN_COMMA = YES;
				CLANG_WARN_CONSTANT_CONVERSION = YES;
				CLANG_WARN_DEPRECATED_OBJC_IMPLEMENTATIONS = YES;
				CLANG_WARN_DIRECT_OBJC_ISA_USAGE = YES_ERROR;
				CLANG_WARN_DOCUMENTATION_COMMENTS = YES;
				CLANG_WARN_EMPTY_BODY = YES;
				CLANG_WARN_ENUM_CONVERSION = YES;
				CLANG_WARN_INFINITE_RECURSION = YES;
				CLANG_WARN_INT_CONVERSION = YES;
				CLANG_WARN_NON_LITERAL_NULL_CONVERSION = YES;
				CLANG_WARN_OBJC_IMPLICIT_RETAIN_SELF = YES;
				CLANG_WARN_OBJC_LITERAL_CONVERSION = YES;
				CLANG_WARN_OBJC_ROOT_CLASS = YES_ERROR;
				CLANG_WARN_QUOTED_INCLUDE_IN_FRAMEWORK_HEADER = YES;
				CLANG_WARN_RANGE_LOOP_ANALYSIS = YES;
				CLANG_WARN_STRICT_PROTOTYPES = YES;
				CLANG_WARN_SUSPICIOUS_MOVE = YES;
				CLANG_WARN_UNGUARDED_AVAILABILITY = YES_AGGRESSIVE;
				CLANG_WARN_UNREACHABLE_CODE = YES;
				CLANG_WARN__DUPLICATE_METHOD_MATCH = YES;
				COPY_PHASE_STRIP = NO;
				DEBUG_INFORMATION_FORMAT = "dwarf-with-dsym";
				ENABLE_NS_ASSERTIONS = NO;
				ENABLE_STRICT_OBJC_MSGSEND = YES;
				GCC_C_LANGUAGE_STANDARD = gnu11;
				GCC_NO_COMMON_BLOCKS = YES;
				GCC_WARN_64_TO_32_BIT_CONVERSION = YES;
				GCC_WARN_ABOUT_RETURN_TYPE = YES_ERROR;
				GCC_WARN_UNDECLARED_SELECTOR = YES;
				GCC_WARN_UNINITIALIZED_AUTOS = YES_AGGRESSIVE;
				GCC_WARN_UNUSED_FUNCTION = YES;
				GCC_WARN_UNUSED_VARIABLE = YES;
				IPHONEOS_DEPLOYMENT_TARGET = 16.1;
				MTL_ENABLE_DEBUG_INFO = NO;
				MTL_FAST_MATH = YES;
				SDKROOT = iphoneos;
				SWIFT_COMPILATION_MODE = wholemodule;
				SWIFT_OPTIMIZATION_LEVEL = "-O";
				VALIDATE_PRODUCT = YES;
			};
			name = Release;
		};
		4DC0F89729BE2D2A009EE2B5 /* Debug */ = {
			isa = XCBuildConfiguration;
			buildSettings = {
				ASSETCATALOG_COMPILER_APPICON_NAME = AppIcon;
				ASSETCATALOG_COMPILER_GLOBAL_ACCENT_COLOR_NAME = AccentColor;
				CODE_SIGN_STYLE = Automatic;
				CURRENT_PROJECT_VERSION = 1;
				DEVELOPMENT_ASSET_PATHS = "\"BarterMate/Preview Content\"";
				DEVELOPMENT_TEAM = N3XTJVC339;
				ENABLE_PREVIEWS = YES;
				GENERATE_INFOPLIST_FILE = YES;
				INFOPLIST_KEY_UIApplicationSceneManifest_Generation = YES;
				INFOPLIST_KEY_UIApplicationSupportsIndirectInputEvents = YES;
				INFOPLIST_KEY_UILaunchScreen_Generation = YES;
				INFOPLIST_KEY_UISupportedInterfaceOrientations_iPad = "UIInterfaceOrientationPortrait UIInterfaceOrientationPortraitUpsideDown UIInterfaceOrientationLandscapeLeft UIInterfaceOrientationLandscapeRight";
				INFOPLIST_KEY_UISupportedInterfaceOrientations_iPhone = "UIInterfaceOrientationPortrait UIInterfaceOrientationLandscapeLeft UIInterfaceOrientationLandscapeRight";
				IPHONEOS_DEPLOYMENT_TARGET = 15.1;
				LD_RUNPATH_SEARCH_PATHS = (
					"$(inherited)",
					"@executable_path/Frameworks",
				);
				MARKETING_VERSION = 1.0;
				PRODUCT_BUNDLE_IDENTIFIER = e0550621.BarterMate;
				PRODUCT_NAME = "$(TARGET_NAME)";
				SWIFT_EMIT_LOC_STRINGS = YES;
				SWIFT_VERSION = 5.0;
				TARGETED_DEVICE_FAMILY = "1,2";
			};
			name = Debug;
		};
		4DC0F89829BE2D2A009EE2B5 /* Release */ = {
			isa = XCBuildConfiguration;
			buildSettings = {
				ASSETCATALOG_COMPILER_APPICON_NAME = AppIcon;
				ASSETCATALOG_COMPILER_GLOBAL_ACCENT_COLOR_NAME = AccentColor;
				CODE_SIGN_STYLE = Automatic;
				CURRENT_PROJECT_VERSION = 1;
				DEVELOPMENT_ASSET_PATHS = "\"BarterMate/Preview Content\"";
				DEVELOPMENT_TEAM = N3XTJVC339;
				ENABLE_PREVIEWS = YES;
				GENERATE_INFOPLIST_FILE = YES;
				INFOPLIST_KEY_UIApplicationSceneManifest_Generation = YES;
				INFOPLIST_KEY_UIApplicationSupportsIndirectInputEvents = YES;
				INFOPLIST_KEY_UILaunchScreen_Generation = YES;
				INFOPLIST_KEY_UISupportedInterfaceOrientations_iPad = "UIInterfaceOrientationPortrait UIInterfaceOrientationPortraitUpsideDown UIInterfaceOrientationLandscapeLeft UIInterfaceOrientationLandscapeRight";
				INFOPLIST_KEY_UISupportedInterfaceOrientations_iPhone = "UIInterfaceOrientationPortrait UIInterfaceOrientationLandscapeLeft UIInterfaceOrientationLandscapeRight";
				IPHONEOS_DEPLOYMENT_TARGET = 15.1;
				LD_RUNPATH_SEARCH_PATHS = (
					"$(inherited)",
					"@executable_path/Frameworks",
				);
				MARKETING_VERSION = 1.0;
				PRODUCT_BUNDLE_IDENTIFIER = e0550621.BarterMate;
				PRODUCT_NAME = "$(TARGET_NAME)";
				SWIFT_EMIT_LOC_STRINGS = YES;
				SWIFT_VERSION = 5.0;
				TARGETED_DEVICE_FAMILY = "1,2";
			};
			name = Release;
		};
		4DC0F89A29BE2D2A009EE2B5 /* Debug */ = {
			isa = XCBuildConfiguration;
			buildSettings = {
				ALWAYS_EMBED_SWIFT_STANDARD_LIBRARIES = YES;
				BUNDLE_LOADER = "$(TEST_HOST)";
				CODE_SIGN_STYLE = Automatic;
				CURRENT_PROJECT_VERSION = 1;
				DEVELOPMENT_TEAM = N3XTJVC339;
				GENERATE_INFOPLIST_FILE = YES;
				IPHONEOS_DEPLOYMENT_TARGET = 16.1;
				MARKETING_VERSION = 1.0;
				PRODUCT_BUNDLE_IDENTIFIER = e0550621.BarterMateTests;
				PRODUCT_NAME = "$(TARGET_NAME)";
				SWIFT_EMIT_LOC_STRINGS = NO;
				SWIFT_VERSION = 5.0;
				TARGETED_DEVICE_FAMILY = "1,2";
				TEST_HOST = "$(BUILT_PRODUCTS_DIR)/BarterMate.app/$(BUNDLE_EXECUTABLE_FOLDER_PATH)/BarterMate";
			};
			name = Debug;
		};
		4DC0F89B29BE2D2A009EE2B5 /* Release */ = {
			isa = XCBuildConfiguration;
			buildSettings = {
				ALWAYS_EMBED_SWIFT_STANDARD_LIBRARIES = YES;
				BUNDLE_LOADER = "$(TEST_HOST)";
				CODE_SIGN_STYLE = Automatic;
				CURRENT_PROJECT_VERSION = 1;
				DEVELOPMENT_TEAM = N3XTJVC339;
				GENERATE_INFOPLIST_FILE = YES;
				IPHONEOS_DEPLOYMENT_TARGET = 16.1;
				MARKETING_VERSION = 1.0;
				PRODUCT_BUNDLE_IDENTIFIER = e0550621.BarterMateTests;
				PRODUCT_NAME = "$(TARGET_NAME)";
				SWIFT_EMIT_LOC_STRINGS = NO;
				SWIFT_VERSION = 5.0;
				TARGETED_DEVICE_FAMILY = "1,2";
				TEST_HOST = "$(BUILT_PRODUCTS_DIR)/BarterMate.app/$(BUNDLE_EXECUTABLE_FOLDER_PATH)/BarterMate";
			};
			name = Release;
		};
		4DC0F89D29BE2D2A009EE2B5 /* Debug */ = {
			isa = XCBuildConfiguration;
			buildSettings = {
				ALWAYS_EMBED_SWIFT_STANDARD_LIBRARIES = YES;
				CODE_SIGN_STYLE = Automatic;
				CURRENT_PROJECT_VERSION = 1;
				DEVELOPMENT_TEAM = N3XTJVC339;
				GENERATE_INFOPLIST_FILE = YES;
				MARKETING_VERSION = 1.0;
				PRODUCT_BUNDLE_IDENTIFIER = e0550621.BarterMateUITests;
				PRODUCT_NAME = "$(TARGET_NAME)";
				SWIFT_EMIT_LOC_STRINGS = NO;
				SWIFT_VERSION = 5.0;
				TARGETED_DEVICE_FAMILY = "1,2";
				TEST_TARGET_NAME = BarterMate;
			};
			name = Debug;
		};
		4DC0F89E29BE2D2A009EE2B5 /* Release */ = {
			isa = XCBuildConfiguration;
			buildSettings = {
				ALWAYS_EMBED_SWIFT_STANDARD_LIBRARIES = YES;
				CODE_SIGN_STYLE = Automatic;
				CURRENT_PROJECT_VERSION = 1;
				DEVELOPMENT_TEAM = N3XTJVC339;
				GENERATE_INFOPLIST_FILE = YES;
				MARKETING_VERSION = 1.0;
				PRODUCT_BUNDLE_IDENTIFIER = e0550621.BarterMateUITests;
				PRODUCT_NAME = "$(TARGET_NAME)";
				SWIFT_EMIT_LOC_STRINGS = NO;
				SWIFT_VERSION = 5.0;
				TARGETED_DEVICE_FAMILY = "1,2";
				TEST_TARGET_NAME = BarterMate;
			};
			name = Release;
		};
/* End XCBuildConfiguration section */

/* Begin XCConfigurationList section */
		4DC0F86D29BE2D27009EE2B5 /* Build configuration list for PBXProject "BarterMate" */ = {
			isa = XCConfigurationList;
			buildConfigurations = (
				4DC0F89429BE2D2A009EE2B5 /* Debug */,
				4DC0F89529BE2D2A009EE2B5 /* Release */,
			);
			defaultConfigurationIsVisible = 0;
			defaultConfigurationName = Release;
		};
		4DC0F89629BE2D2A009EE2B5 /* Build configuration list for PBXNativeTarget "BarterMate" */ = {
			isa = XCConfigurationList;
			buildConfigurations = (
				4DC0F89729BE2D2A009EE2B5 /* Debug */,
				4DC0F89829BE2D2A009EE2B5 /* Release */,
			);
			defaultConfigurationIsVisible = 0;
			defaultConfigurationName = Release;
		};
		4DC0F89929BE2D2A009EE2B5 /* Build configuration list for PBXNativeTarget "BarterMateTests" */ = {
			isa = XCConfigurationList;
			buildConfigurations = (
				4DC0F89A29BE2D2A009EE2B5 /* Debug */,
				4DC0F89B29BE2D2A009EE2B5 /* Release */,
			);
			defaultConfigurationIsVisible = 0;
			defaultConfigurationName = Release;
		};
		4DC0F89C29BE2D2A009EE2B5 /* Build configuration list for PBXNativeTarget "BarterMateUITests" */ = {
			isa = XCConfigurationList;
			buildConfigurations = (
				4DC0F89D29BE2D2A009EE2B5 /* Debug */,
				4DC0F89E29BE2D2A009EE2B5 /* Release */,
			);
			defaultConfigurationIsVisible = 0;
			defaultConfigurationName = Release;
		};
/* End XCConfigurationList section */

/* Begin XCRemoteSwiftPackageReference section */
		4DC0F89F29BE2F5D009EE2B5 /* XCRemoteSwiftPackageReference "amplify-swift" */ = {
			isa = XCRemoteSwiftPackageReference;
			repositoryURL = "https://github.com/aws-amplify/amplify-swift";
			requirement = {
				kind = upToNextMajorVersion;
				minimumVersion = 2.0.0;
			};
		};
/* End XCRemoteSwiftPackageReference section */

/* Begin XCSwiftPackageProductDependency section */
		4DC0F8A029BE2F5D009EE2B5 /* AWSAPIPlugin */ = {
			isa = XCSwiftPackageProductDependency;
			package = 4DC0F89F29BE2F5D009EE2B5 /* XCRemoteSwiftPackageReference "amplify-swift" */;
			productName = AWSAPIPlugin;
		};
		4DC0F8A229BE2F5D009EE2B5 /* AWSCognitoAuthPlugin */ = {
			isa = XCSwiftPackageProductDependency;
			package = 4DC0F89F29BE2F5D009EE2B5 /* XCRemoteSwiftPackageReference "amplify-swift" */;
			productName = AWSCognitoAuthPlugin;
		};
		4DC0F8A429BE2F5D009EE2B5 /* AWSDataStorePlugin */ = {
			isa = XCSwiftPackageProductDependency;
			package = 4DC0F89F29BE2F5D009EE2B5 /* XCRemoteSwiftPackageReference "amplify-swift" */;
			productName = AWSDataStorePlugin;
		};
		4DC0F8A629BE2F5D009EE2B5 /* AWSLocationGeoPlugin */ = {
			isa = XCSwiftPackageProductDependency;
			package = 4DC0F89F29BE2F5D009EE2B5 /* XCRemoteSwiftPackageReference "amplify-swift" */;
			productName = AWSLocationGeoPlugin;
		};
		4DC0F8A829BE2F5D009EE2B5 /* AWSPinpointAnalyticsPlugin */ = {
			isa = XCSwiftPackageProductDependency;
			package = 4DC0F89F29BE2F5D009EE2B5 /* XCRemoteSwiftPackageReference "amplify-swift" */;
			productName = AWSPinpointAnalyticsPlugin;
		};
		4DC0F8AA29BE2F5D009EE2B5 /* AWSPinpointPushNotificationsPlugin */ = {
			isa = XCSwiftPackageProductDependency;
			package = 4DC0F89F29BE2F5D009EE2B5 /* XCRemoteSwiftPackageReference "amplify-swift" */;
			productName = AWSPinpointPushNotificationsPlugin;
		};
		4DC0F8AC29BE2F5D009EE2B5 /* AWSPluginsCore */ = {
			isa = XCSwiftPackageProductDependency;
			package = 4DC0F89F29BE2F5D009EE2B5 /* XCRemoteSwiftPackageReference "amplify-swift" */;
			productName = AWSPluginsCore;
		};
		4DC0F8AE29BE2F5D009EE2B5 /* AWSS3StoragePlugin */ = {
			isa = XCSwiftPackageProductDependency;
			package = 4DC0F89F29BE2F5D009EE2B5 /* XCRemoteSwiftPackageReference "amplify-swift" */;
			productName = AWSS3StoragePlugin;
		};
		4DC0F8B029BE2F5D009EE2B5 /* Amplify */ = {
			isa = XCSwiftPackageProductDependency;
			package = 4DC0F89F29BE2F5D009EE2B5 /* XCRemoteSwiftPackageReference "amplify-swift" */;
			productName = Amplify;
		};
/* End XCSwiftPackageProductDependency section */
	};
	rootObject = 4DC0F86A29BE2D27009EE2B5 /* Project object */;
}
